
Microsoft Visual Studio Solution File, Format Version 12.00
# Visual Studio 15
VisualStudioVersion = 15.0.26730.15
MinimumVisualStudioVersion = 10.0.40219.1
Project("{FAE04EC0-301F-11D3-BF4B-00C04F79EFBC}") = "SayHelloXF.Android", "SayHelloXF\SayHelloXF.Android\SayHelloXF.Android.csproj", "{A212FDD6-EEFE-419E-A8E1-F41750D49D10}"
EndProject
Project("{FAE04EC0-301F-11D3-BF4B-00C04F79EFBC}") = "SayHelloXF", "SayHelloXF\SayHelloXF\SayHelloXF.csproj", "{3A46CC56-9A3C-4582-95D9-3862004B67DC}"
EndProject
Project("{FAE04EC0-301F-11D3-BF4B-00C04F79EFBC}") = "SayHelloXF.UWP", "SayHelloXF\SayHelloXF.UWP\SayHelloXF.UWP.csproj", "{7F4EEBF7-96E1-491B-8BD6-D4A714CD2E73}"
EndProject
Project("{FAE04EC0-301F-11D3-BF4B-00C04F79EFBC}") = "SayHelloXF.iOS", "SayHelloXF\SayHelloXF.iOS\SayHelloXF.iOS.csproj", "{A2B4BF22-1E2B-471E-ACBE-8AED3964CF43}"
EndProject
Global
	GlobalSection(SolutionConfigurationPlatforms) = preSolution
		Ad-Hoc|Any CPU = Ad-Hoc|Any CPU
		Ad-Hoc|ARM = Ad-Hoc|ARM
		Ad-Hoc|iPhone = Ad-Hoc|iPhone
		Ad-Hoc|iPhoneSimulator = Ad-Hoc|iPhoneSimulator
		Ad-Hoc|x64 = Ad-Hoc|x64
		Ad-Hoc|x86 = Ad-Hoc|x86
		AppStore|Any CPU = AppStore|Any CPU
		AppStore|ARM = AppStore|ARM
		AppStore|iPhone = AppStore|iPhone
		AppStore|iPhoneSimulator = AppStore|iPhoneSimulator
		AppStore|x64 = AppStore|x64
		AppStore|x86 = AppStore|x86
		Debug|Any CPU = Debug|Any CPU
		Debug|ARM = Debug|ARM
		Debug|iPhone = Debug|iPhone
		Debug|iPhoneSimulator = Debug|iPhoneSimulator
		Debug|x64 = Debug|x64
		Debug|x86 = Debug|x86
		Release|Any CPU = Release|Any CPU
		Release|ARM = Release|ARM
		Release|iPhone = Release|iPhone
		Release|iPhoneSimulator = Release|iPhoneSimulator
		Release|x64 = Release|x64
		Release|x86 = Release|x86
	EndGlobalSection
	GlobalSection(ProjectConfigurationPlatforms) = postSolution
		{A212FDD6-EEFE-419E-A8E1-F41750D49D10}.Ad-Hoc|Any CPU.ActiveCfg = Release|Any CPU
		{A212FDD6-EEFE-419E-A8E1-F41750D49D10}.Ad-Hoc|Any CPU.Build.0 = Release|Any CPU
		{A212FDD6-EEFE-419E-A8E1-F41750D49D10}.Ad-Hoc|Any CPU.Deploy.0 = Release|Any CPU
		{A212FDD6-EEFE-419E-A8E1-F41750D49D10}.Ad-Hoc|ARM.ActiveCfg = Release|Any CPU
		{A212FDD6-EEFE-419E-A8E1-F41750D49D10}.Ad-Hoc|ARM.Build.0 = Release|Any CPU
		{A212FDD6-EEFE-419E-A8E1-F41750D49D10}.Ad-Hoc|ARM.Deploy.0 = Release|Any CPU
		{A212FDD6-EEFE-419E-A8E1-F41750D49D10}.Ad-Hoc|iPhone.ActiveCfg = Release|Any CPU
		{A212FDD6-EEFE-419E-A8E1-F41750D49D10}.Ad-Hoc|iPhone.Build.0 = Release|Any CPU
		{A212FDD6-EEFE-419E-A8E1-F41750D49D10}.Ad-Hoc|iPhone.Deploy.0 = Release|Any CPU
		{A212FDD6-EEFE-419E-A8E1-F41750D49D10}.Ad-Hoc|iPhoneSimulator.ActiveCfg = Release|Any CPU
		{A212FDD6-EEFE-419E-A8E1-F41750D49D10}.Ad-Hoc|iPhoneSimulator.Build.0 = Release|Any CPU
		{A212FDD6-EEFE-419E-A8E1-F41750D49D10}.Ad-Hoc|iPhoneSimulator.Deploy.0 = Release|Any CPU
		{A212FDD6-EEFE-419E-A8E1-F41750D49D10}.Ad-Hoc|x64.ActiveCfg = Release|Any CPU
		{A212FDD6-EEFE-419E-A8E1-F41750D49D10}.Ad-Hoc|x64.Build.0 = Release|Any CPU
		{A212FDD6-EEFE-419E-A8E1-F41750D49D10}.Ad-Hoc|x64.Deploy.0 = Release|Any CPU
		{A212FDD6-EEFE-419E-A8E1-F41750D49D10}.Ad-Hoc|x86.ActiveCfg = Release|Any CPU
		{A212FDD6-EEFE-419E-A8E1-F41750D49D10}.Ad-Hoc|x86.Build.0 = Release|Any CPU
		{A212FDD6-EEFE-419E-A8E1-F41750D49D10}.Ad-Hoc|x86.Deploy.0 = Release|Any CPU
		{A212FDD6-EEFE-419E-A8E1-F41750D49D10}.AppStore|Any CPU.ActiveCfg = Release|Any CPU
		{A212FDD6-EEFE-419E-A8E1-F41750D49D10}.AppStore|Any CPU.Build.0 = Release|Any CPU
		{A212FDD6-EEFE-419E-A8E1-F41750D49D10}.AppStore|Any CPU.Deploy.0 = Release|Any CPU
		{A212FDD6-EEFE-419E-A8E1-F41750D49D10}.AppStore|ARM.ActiveCfg = Release|Any CPU
		{A212FDD6-EEFE-419E-A8E1-F41750D49D10}.AppStore|ARM.Build.0 = Release|Any CPU
		{A212FDD6-EEFE-419E-A8E1-F41750D49D10}.AppStore|ARM.Deploy.0 = Release|Any CPU
		{A212FDD6-EEFE-419E-A8E1-F41750D49D10}.AppStore|iPhone.ActiveCfg = Release|Any CPU
		{A212FDD6-EEFE-419E-A8E1-F41750D49D10}.AppStore|iPhone.Build.0 = Release|Any CPU
		{A212FDD6-EEFE-419E-A8E1-F41750D49D10}.AppStore|iPhone.Deploy.0 = Release|Any CPU
		{A212FDD6-EEFE-419E-A8E1-F41750D49D10}.AppStore|iPhoneSimulator.ActiveCfg = Release|Any CPU
		{A212FDD6-EEFE-419E-A8E1-F41750D49D10}.AppStore|iPhoneSimulator.Build.0 = Release|Any CPU
		{A212FDD6-EEFE-419E-A8E1-F41750D49D10}.AppStore|iPhoneSimulator.Deploy.0 = Release|Any CPU
		{A212FDD6-EEFE-419E-A8E1-F41750D49D10}.AppStore|x64.ActiveCfg = Release|Any CPU
		{A212FDD6-EEFE-419E-A8E1-F41750D49D10}.AppStore|x64.Build.0 = Release|Any CPU
		{A212FDD6-EEFE-419E-A8E1-F41750D49D10}.AppStore|x64.Deploy.0 = Release|Any CPU
		{A212FDD6-EEFE-419E-A8E1-F41750D49D10}.AppStore|x86.ActiveCfg = Release|Any CPU
		{A212FDD6-EEFE-419E-A8E1-F41750D49D10}.AppStore|x86.Build.0 = Release|Any CPU
		{A212FDD6-EEFE-419E-A8E1-F41750D49D10}.AppStore|x86.Deploy.0 = Release|Any CPU
		{A212FDD6-EEFE-419E-A8E1-F41750D49D10}.Debug|Any CPU.ActiveCfg = Debug|Any CPU
		{A212FDD6-EEFE-419E-A8E1-F41750D49D10}.Debug|Any CPU.Build.0 = Debug|Any CPU
		{A212FDD6-EEFE-419E-A8E1-F41750D49D10}.Debug|Any CPU.Deploy.0 = Debug|Any CPU
		{A212FDD6-EEFE-419E-A8E1-F41750D49D10}.Debug|ARM.ActiveCfg = Debug|Any CPU
		{A212FDD6-EEFE-419E-A8E1-F41750D49D10}.Debug|ARM.Build.0 = Debug|Any CPU
		{A212FDD6-EEFE-419E-A8E1-F41750D49D10}.Debug|ARM.Deploy.0 = Debug|Any CPU
		{A212FDD6-EEFE-419E-A8E1-F41750D49D10}.Debug|iPhone.ActiveCfg = Debug|Any CPU
		{A212FDD6-EEFE-419E-A8E1-F41750D49D10}.Debug|iPhone.Build.0 = Debug|Any CPU
		{A212FDD6-EEFE-419E-A8E1-F41750D49D10}.Debug|iPhone.Deploy.0 = Debug|Any CPU
		{A212FDD6-EEFE-419E-A8E1-F41750D49D10}.Debug|iPhoneSimulator.ActiveCfg = Debug|Any CPU
		{A212FDD6-EEFE-419E-A8E1-F41750D49D10}.Debug|iPhoneSimulator.Build.0 = Debug|Any CPU
		{A212FDD6-EEFE-419E-A8E1-F41750D49D10}.Debug|iPhoneSimulator.Deploy.0 = Debug|Any CPU
		{A212FDD6-EEFE-419E-A8E1-F41750D49D10}.Debug|x64.ActiveCfg = Debug|Any CPU
		{A212FDD6-EEFE-419E-A8E1-F41750D49D10}.Debug|x64.Build.0 = Debug|Any CPU
		{A212FDD6-EEFE-419E-A8E1-F41750D49D10}.Debug|x64.Deploy.0 = Debug|Any CPU
		{A212FDD6-EEFE-419E-A8E1-F41750D49D10}.Debug|x86.ActiveCfg = Debug|Any CPU
		{A212FDD6-EEFE-419E-A8E1-F41750D49D10}.Debug|x86.Build.0 = Debug|Any CPU
		{A212FDD6-EEFE-419E-A8E1-F41750D49D10}.Debug|x86.Deploy.0 = Debug|Any CPU
		{A212FDD6-EEFE-419E-A8E1-F41750D49D10}.Release|Any CPU.ActiveCfg = Release|Any CPU
		{A212FDD6-EEFE-419E-A8E1-F41750D49D10}.Release|Any CPU.Build.0 = Release|Any CPU
		{A212FDD6-EEFE-419E-A8E1-F41750D49D10}.Release|Any CPU.Deploy.0 = Release|Any CPU
		{A212FDD6-EEFE-419E-A8E1-F41750D49D10}.Release|ARM.ActiveCfg = Release|Any CPU
		{A212FDD6-EEFE-419E-A8E1-F41750D49D10}.Release|ARM.Build.0 = Release|Any CPU
		{A212FDD6-EEFE-419E-A8E1-F41750D49D10}.Release|ARM.Deploy.0 = Release|Any CPU
		{A212FDD6-EEFE-419E-A8E1-F41750D49D10}.Release|iPhone.ActiveCfg = Release|Any CPU
		{A212FDD6-EEFE-419E-A8E1-F41750D49D10}.Release|iPhone.Build.0 = Release|Any CPU
		{A212FDD6-EEFE-419E-A8E1-F41750D49D10}.Release|iPhone.Deploy.0 = Release|Any CPU
		{A212FDD6-EEFE-419E-A8E1-F41750D49D10}.Release|iPhoneSimulator.ActiveCfg = Release|Any CPU
		{A212FDD6-EEFE-419E-A8E1-F41750D49D10}.Release|iPhoneSimulator.Build.0 = Release|Any CPU
		{A212FDD6-EEFE-419E-A8E1-F41750D49D10}.Release|iPhoneSimulator.Deploy.0 = Release|Any CPU
		{A212FDD6-EEFE-419E-A8E1-F41750D49D10}.Release|x64.ActiveCfg = Release|Any CPU
		{A212FDD6-EEFE-419E-A8E1-F41750D49D10}.Release|x64.Build.0 = Release|Any CPU
		{A212FDD6-EEFE-419E-A8E1-F41750D49D10}.Release|x64.Deploy.0 = Release|Any CPU
		{A212FDD6-EEFE-419E-A8E1-F41750D49D10}.Release|x86.ActiveCfg = Release|Any CPU
		{A212FDD6-EEFE-419E-A8E1-F41750D49D10}.Release|x86.Build.0 = Release|Any CPU
		{A212FDD6-EEFE-419E-A8E1-F41750D49D10}.Release|x86.Deploy.0 = Release|Any CPU
		{3A46CC56-9A3C-4582-95D9-3862004B67DC}.Ad-Hoc|Any CPU.ActiveCfg = Release|Any CPU
		{3A46CC56-9A3C-4582-95D9-3862004B67DC}.Ad-Hoc|Any CPU.Build.0 = Release|Any CPU
		{3A46CC56-9A3C-4582-95D9-3862004B67DC}.Ad-Hoc|ARM.ActiveCfg = Release|Any CPU
		{3A46CC56-9A3C-4582-95D9-3862004B67DC}.Ad-Hoc|ARM.Build.0 = Release|Any CPU
		{3A46CC56-9A3C-4582-95D9-3862004B67DC}.Ad-Hoc|iPhone.ActiveCfg = Release|Any CPU
		{3A46CC56-9A3C-4582-95D9-3862004B67DC}.Ad-Hoc|iPhone.Build.0 = Release|Any CPU
		{3A46CC56-9A3C-4582-95D9-3862004B67DC}.Ad-Hoc|iPhoneSimulator.ActiveCfg = Release|Any CPU
		{3A46CC56-9A3C-4582-95D9-3862004B67DC}.Ad-Hoc|iPhoneSimulator.Build.0 = Release|Any CPU
		{3A46CC56-9A3C-4582-95D9-3862004B67DC}.Ad-Hoc|x64.ActiveCfg = Release|Any CPU
		{3A46CC56-9A3C-4582-95D9-3862004B67DC}.Ad-Hoc|x64.Build.0 = Release|Any CPU
		{3A46CC56-9A3C-4582-95D9-3862004B67DC}.Ad-Hoc|x86.ActiveCfg = Release|Any CPU
		{3A46CC56-9A3C-4582-95D9-3862004B67DC}.Ad-Hoc|x86.Build.0 = Release|Any CPU
		{3A46CC56-9A3C-4582-95D9-3862004B67DC}.AppStore|Any CPU.ActiveCfg = Release|Any CPU
		{3A46CC56-9A3C-4582-95D9-3862004B67DC}.AppStore|Any CPU.Build.0 = Release|Any CPU
		{3A46CC56-9A3C-4582-95D9-3862004B67DC}.AppStore|ARM.ActiveCfg = Release|Any CPU
		{3A46CC56-9A3C-4582-95D9-3862004B67DC}.AppStore|ARM.Build.0 = Release|Any CPU
		{3A46CC56-9A3C-4582-95D9-3862004B67DC}.AppStore|iPhone.ActiveCfg = Release|Any CPU
		{3A46CC56-9A3C-4582-95D9-3862004B67DC}.AppStore|iPhone.Build.0 = Release|Any CPU
		{3A46CC56-9A3C-4582-95D9-3862004B67DC}.AppStore|iPhoneSimulator.ActiveCfg = Release|Any CPU
		{3A46CC56-9A3C-4582-95D9-3862004B67DC}.AppStore|iPhoneSimulator.Build.0 = Release|Any CPU
		{3A46CC56-9A3C-4582-95D9-3862004B67DC}.AppStore|x64.ActiveCfg = Release|Any CPU
		{3A46CC56-9A3C-4582-95D9-3862004B67DC}.AppStore|x64.Build.0 = Release|Any CPU
		{3A46CC56-9A3C-4582-95D9-3862004B67DC}.AppStore|x86.ActiveCfg = Release|Any CPU
		{3A46CC56-9A3C-4582-95D9-3862004B67DC}.AppStore|x86.Build.0 = Release|Any CPU
		{3A46CC56-9A3C-4582-95D9-3862004B67DC}.Debug|Any CPU.ActiveCfg = Debug|Any CPU
		{3A46CC56-9A3C-4582-95D9-3862004B67DC}.Debug|Any CPU.Build.0 = Debug|Any CPU
		{3A46CC56-9A3C-4582-95D9-3862004B67DC}.Debug|ARM.ActiveCfg = Debug|Any CPU
		{3A46CC56-9A3C-4582-95D9-3862004B67DC}.Debug|ARM.Build.0 = Debug|Any CPU
		{3A46CC56-9A3C-4582-95D9-3862004B67DC}.Debug|iPhone.ActiveCfg = Debug|Any CPU
		{3A46CC56-9A3C-4582-95D9-3862004B67DC}.Debug|iPhone.Build.0 = Debug|Any CPU
		{3A46CC56-9A3C-4582-95D9-3862004B67DC}.Debug|iPhoneSimulator.ActiveCfg = Debug|Any CPU
		{3A46CC56-9A3C-4582-95D9-3862004B67DC}.Debug|iPhoneSimulator.Build.0 = Debug|Any CPU
		{3A46CC56-9A3C-4582-95D9-3862004B67DC}.Debug|x64.ActiveCfg = Debug|Any CPU
		{3A46CC56-9A3C-4582-95D9-3862004B67DC}.Debug|x64.Build.0 = Debug|Any CPU
		{3A46CC56-9A3C-4582-95D9-3862004B67DC}.Debug|x86.ActiveCfg = Debug|Any CPU
		{3A46CC56-9A3C-4582-95D9-3862004B67DC}.Debug|x86.Build.0 = Debug|Any CPU
		{3A46CC56-9A3C-4582-95D9-3862004B67DC}.Release|Any CPU.ActiveCfg = Release|Any CPU
		{3A46CC56-9A3C-4582-95D9-3862004B67DC}.Release|Any CPU.Build.0 = Release|Any CPU
		{3A46CC56-9A3C-4582-95D9-3862004B67DC}.Release|ARM.ActiveCfg = Release|Any CPU
		{3A46CC56-9A3C-4582-95D9-3862004B67DC}.Release|ARM.Build.0 = Release|Any CPU
		{3A46CC56-9A3C-4582-95D9-3862004B67DC}.Release|iPhone.ActiveCfg = Release|Any CPU
		{3A46CC56-9A3C-4582-95D9-3862004B67DC}.Release|iPhone.Build.0 = Release|Any CPU
		{3A46CC56-9A3C-4582-95D9-3862004B67DC}.Release|iPhoneSimulator.ActiveCfg = Release|Any CPU
		{3A46CC56-9A3C-4582-95D9-3862004B67DC}.Release|iPhoneSimulator.Build.0 = Release|Any CPU
		{3A46CC56-9A3C-4582-95D9-3862004B67DC}.Release|x64.ActiveCfg = Release|Any CPU
		{3A46CC56-9A3C-4582-95D9-3862004B67DC}.Release|x64.Build.0 = Release|Any CPU
		{3A46CC56-9A3C-4582-95D9-3862004B67DC}.Release|x86.ActiveCfg = Release|Any CPU
		{3A46CC56-9A3C-4582-95D9-3862004B67DC}.Release|x86.Build.0 = Release|Any CPU
		{7F4EEBF7-96E1-491B-8BD6-D4A714CD2E73}.Ad-Hoc|Any CPU.ActiveCfg = Release|x86
		{7F4EEBF7-96E1-491B-8BD6-D4A714CD2E73}.Ad-Hoc|Any CPU.Build.0 = Release|x86
		{7F4EEBF7-96E1-491B-8BD6-D4A714CD2E73}.Ad-Hoc|Any CPU.Deploy.0 = Release|x86
		{7F4EEBF7-96E1-491B-8BD6-D4A714CD2E73}.Ad-Hoc|ARM.ActiveCfg = Release|ARM
		{7F4EEBF7-96E1-491B-8BD6-D4A714CD2E73}.Ad-Hoc|ARM.Build.0 = Release|ARM
		{7F4EEBF7-96E1-491B-8BD6-D4A714CD2E73}.Ad-Hoc|ARM.Deploy.0 = Release|ARM
		{7F4EEBF7-96E1-491B-8BD6-D4A714CD2E73}.Ad-Hoc|iPhone.ActiveCfg = Release|x86
		{7F4EEBF7-96E1-491B-8BD6-D4A714CD2E73}.Ad-Hoc|iPhone.Build.0 = Release|x86
		{7F4EEBF7-96E1-491B-8BD6-D4A714CD2E73}.Ad-Hoc|iPhone.Deploy.0 = Release|x86
		{7F4EEBF7-96E1-491B-8BD6-D4A714CD2E73}.Ad-Hoc|iPhoneSimulator.ActiveCfg = Release|x86
		{7F4EEBF7-96E1-491B-8BD6-D4A714CD2E73}.Ad-Hoc|iPhoneSimulator.Build.0 = Release|x86
		{7F4EEBF7-96E1-491B-8BD6-D4A714CD2E73}.Ad-Hoc|iPhoneSimulator.Deploy.0 = Release|x86
		{7F4EEBF7-96E1-491B-8BD6-D4A714CD2E73}.Ad-Hoc|x64.ActiveCfg = Release|x64
		{7F4EEBF7-96E1-491B-8BD6-D4A714CD2E73}.Ad-Hoc|x64.Build.0 = Release|x64
		{7F4EEBF7-96E1-491B-8BD6-D4A714CD2E73}.Ad-Hoc|x64.Deploy.0 = Release|x64
		{7F4EEBF7-96E1-491B-8BD6-D4A714CD2E73}.Ad-Hoc|x86.ActiveCfg = Release|x86
		{7F4EEBF7-96E1-491B-8BD6-D4A714CD2E73}.Ad-Hoc|x86.Build.0 = Release|x86
		{7F4EEBF7-96E1-491B-8BD6-D4A714CD2E73}.Ad-Hoc|x86.Deploy.0 = Release|x86
		{7F4EEBF7-96E1-491B-8BD6-D4A714CD2E73}.AppStore|Any CPU.ActiveCfg = Release|x86
		{7F4EEBF7-96E1-491B-8BD6-D4A714CD2E73}.AppStore|Any CPU.Build.0 = Release|x86
		{7F4EEBF7-96E1-491B-8BD6-D4A714CD2E73}.AppStore|Any CPU.Deploy.0 = Release|x86
		{7F4EEBF7-96E1-491B-8BD6-D4A714CD2E73}.AppStore|ARM.ActiveCfg = Release|ARM
		{7F4EEBF7-96E1-491B-8BD6-D4A714CD2E73}.AppStore|ARM.Build.0 = Release|ARM
		{7F4EEBF7-96E1-491B-8BD6-D4A714CD2E73}.AppStore|ARM.Deploy.0 = Release|ARM
		{7F4EEBF7-96E1-491B-8BD6-D4A714CD2E73}.AppStore|iPhone.ActiveCfg = Release|x86
		{7F4EEBF7-96E1-491B-8BD6-D4A714CD2E73}.AppStore|iPhone.Build.0 = Release|x86
		{7F4EEBF7-96E1-491B-8BD6-D4A714CD2E73}.AppStore|iPhone.Deploy.0 = Release|x86
		{7F4EEBF7-96E1-491B-8BD6-D4A714CD2E73}.AppStore|iPhoneSimulator.ActiveCfg = Release|x86
		{7F4EEBF7-96E1-491B-8BD6-D4A714CD2E73}.AppStore|iPhoneSimulator.Build.0 = Release|x86
		{7F4EEBF7-96E1-491B-8BD6-D4A714CD2E73}.AppStore|iPhoneSimulator.Deploy.0 = Release|x86
		{7F4EEBF7-96E1-491B-8BD6-D4A714CD2E73}.AppStore|x64.ActiveCfg = Release|x64
		{7F4EEBF7-96E1-491B-8BD6-D4A714CD2E73}.AppStore|x64.Build.0 = Release|x64
		{7F4EEBF7-96E1-491B-8BD6-D4A714CD2E73}.AppStore|x64.Deploy.0 = Release|x64
		{7F4EEBF7-96E1-491B-8BD6-D4A714CD2E73}.AppStore|x86.ActiveCfg = Release|x86
		{7F4EEBF7-96E1-491B-8BD6-D4A714CD2E73}.AppStore|x86.Build.0 = Release|x86
		{7F4EEBF7-96E1-491B-8BD6-D4A714CD2E73}.AppStore|x86.Deploy.0 = Release|x86
		{7F4EEBF7-96E1-491B-8BD6-D4A714CD2E73}.Debug|Any CPU.ActiveCfg = Debug|x86
		{7F4EEBF7-96E1-491B-8BD6-D4A714CD2E73}.Debug|ARM.ActiveCfg = Debug|ARM
		{7F4EEBF7-96E1-491B-8BD6-D4A714CD2E73}.Debug|ARM.Build.0 = Debug|ARM
		{7F4EEBF7-96E1-491B-8BD6-D4A714CD2E73}.Debug|ARM.Deploy.0 = Debug|ARM
		{7F4EEBF7-96E1-491B-8BD6-D4A714CD2E73}.Debug|iPhone.ActiveCfg = Debug|x86
		{7F4EEBF7-96E1-491B-8BD6-D4A714CD2E73}.Debug|iPhoneSimulator.ActiveCfg = Debug|x86
		{7F4EEBF7-96E1-491B-8BD6-D4A714CD2E73}.Debug|x64.ActiveCfg = Debug|x64
		{7F4EEBF7-96E1-491B-8BD6-D4A714CD2E73}.Debug|x64.Build.0 = Debug|x64
		{7F4EEBF7-96E1-491B-8BD6-D4A714CD2E73}.Debug|x64.Deploy.0 = Debug|x64
		{7F4EEBF7-96E1-491B-8BD6-D4A714CD2E73}.Debug|x86.ActiveCfg = Debug|x86
		{7F4EEBF7-96E1-491B-8BD6-D4A714CD2E73}.Debug|x86.Build.0 = Debug|x86
		{7F4EEBF7-96E1-491B-8BD6-D4A714CD2E73}.Debug|x86.Deploy.0 = Debug|x86
		{7F4EEBF7-96E1-491B-8BD6-D4A714CD2E73}.Release|Any CPU.ActiveCfg = Release|x86
		{7F4EEBF7-96E1-491B-8BD6-D4A714CD2E73}.Release|ARM.ActiveCfg = Release|ARM
		{7F4EEBF7-96E1-491B-8BD6-D4A714CD2E73}.Release|ARM.Build.0 = Release|ARM
		{7F4EEBF7-96E1-491B-8BD6-D4A714CD2E73}.Release|ARM.Deploy.0 = Release|ARM
		{7F4EEBF7-96E1-491B-8BD6-D4A714CD2E73}.Release|iPhone.ActiveCfg = Release|x86
		{7F4EEBF7-96E1-491B-8BD6-D4A714CD2E73}.Release|iPhoneSimulator.ActiveCfg = Release|x86
		{7F4EEBF7-96E1-491B-8BD6-D4A714CD2E73}.Release|x64.ActiveCfg = Release|x64
		{7F4EEBF7-96E1-491B-8BD6-D4A714CD2E73}.Release|x64.Build.0 = Release|x64
		{7F4EEBF7-96E1-491B-8BD6-D4A714CD2E73}.Release|x64.Deploy.0 = Release|x64
		{7F4EEBF7-96E1-491B-8BD6-D4A714CD2E73}.Release|x86.ActiveCfg = Release|x86
		{7F4EEBF7-96E1-491B-8BD6-D4A714CD2E73}.Release|x86.Build.0 = Release|x86
		{7F4EEBF7-96E1-491B-8BD6-D4A714CD2E73}.Release|x86.Deploy.0 = Release|x86
		{A2B4BF22-1E2B-471E-ACBE-8AED3964CF43}.Ad-Hoc|Any CPU.ActiveCfg = Ad-Hoc|iPhone
		{A2B4BF22-1E2B-471E-ACBE-8AED3964CF43}.Ad-Hoc|ARM.ActiveCfg = Ad-Hoc|iPhone
		{A2B4BF22-1E2B-471E-ACBE-8AED3964CF43}.Ad-Hoc|iPhone.ActiveCfg = Ad-Hoc|iPhone
		{A2B4BF22-1E2B-471E-ACBE-8AED3964CF43}.Ad-Hoc|iPhone.Build.0 = Ad-Hoc|iPhone
		{A2B4BF22-1E2B-471E-ACBE-8AED3964CF43}.Ad-Hoc|iPhoneSimulator.ActiveCfg = Ad-Hoc|iPhoneSimulator
		{A2B4BF22-1E2B-471E-ACBE-8AED3964CF43}.Ad-Hoc|iPhoneSimulator.Build.0 = Ad-Hoc|iPhoneSimulator
		{A2B4BF22-1E2B-471E-ACBE-8AED3964CF43}.Ad-Hoc|x64.ActiveCfg = Ad-Hoc|iPhone
		{A2B4BF22-1E2B-471E-ACBE-8AED3964CF43}.Ad-Hoc|x86.ActiveCfg = Ad-Hoc|iPhone
		{A2B4BF22-1E2B-471E-ACBE-8AED3964CF43}.AppStore|Any CPU.ActiveCfg = AppStore|iPhone
		{A2B4BF22-1E2B-471E-ACBE-8AED3964CF43}.AppStore|ARM.ActiveCfg = AppStore|iPhone
		{A2B4BF22-1E2B-471E-ACBE-8AED3964CF43}.AppStore|iPhone.ActiveCfg = AppStore|iPhone
		{A2B4BF22-1E2B-471E-ACBE-8AED3964CF43}.AppStore|iPhone.Build.0 = AppStore|iPhone
		{A2B4BF22-1E2B-471E-ACBE-8AED3964CF43}.AppStore|iPhoneSimulator.ActiveCfg = AppStore|iPhoneSimulator
		{A2B4BF22-1E2B-471E-ACBE-8AED3964CF43}.AppStore|iPhoneSimulator.Build.0 = AppStore|iPhoneSimulator
		{A2B4BF22-1E2B-471E-ACBE-8AED3964CF43}.AppStore|x64.ActiveCfg = AppStore|iPhone
		{A2B4BF22-1E2B-471E-ACBE-8AED3964CF43}.AppStore|x86.ActiveCfg = AppStore|iPhone
		{A2B4BF22-1E2B-471E-ACBE-8AED3964CF43}.Debug|Any CPU.ActiveCfg = Debug|iPhone
		{A2B4BF22-1E2B-471E-ACBE-8AED3964CF43}.Debug|ARM.ActiveCfg = Debug|iPhone
		{A2B4BF22-1E2B-471E-ACBE-8AED3964CF43}.Debug|iPhone.ActiveCfg = Debug|iPhone
		{A2B4BF22-1E2B-471E-ACBE-8AED3964CF43}.Debug|iPhone.Build.0 = Debug|iPhone
		{A2B4BF22-1E2B-471E-ACBE-8AED3964CF43}.Debug|iPhoneSimulator.ActiveCfg = Debug|iPhoneSimulator
		{A2B4BF22-1E2B-471E-ACBE-8AED3964CF43}.Debug|iPhoneSimulator.Build.0 = Debug|iPhoneSimulator
		{A2B4BF22-1E2B-471E-ACBE-8AED3964CF43}.Debug|x64.ActiveCfg = Debug|iPhone
		{A2B4BF22-1E2B-471E-ACBE-8AED3964CF43}.Debug|x86.ActiveCfg = Debug|iPhone
		{A2B4BF22-1E2B-471E-ACBE-8AED3964CF43}.Release|Any CPU.ActiveCfg = Release|iPhone
		{A2B4BF22-1E2B-471E-ACBE-8AED3964CF43}.Release|ARM.ActiveCfg = Release|iPhone
		{A2B4BF22-1E2B-471E-ACBE-8AED3964CF43}.Release|iPhone.ActiveCfg = Release|iPhone
		{A2B4BF22-1E2B-471E-ACBE-8AED3964CF43}.Release|iPhone.Build.0 = Release|iPhone
		{A2B4BF22-1E2B-471E-ACBE-8AED3964CF43}.Release|iPhoneSimulator.ActiveCfg = Release|iPhoneSimulator
		{A2B4BF22-1E2B-471E-ACBE-8AED3964CF43}.Release|iPhoneSimulator.Build.0 = Release|iPhoneSimulator
		{A2B4BF22-1E2B-471E-ACBE-8AED3964CF43}.Release|x64.ActiveCfg = Release|iPhone
		{A2B4BF22-1E2B-471E-ACBE-8AED3964CF43}.Release|x86.ActiveCfg = Release|iPhone
	EndGlobalSection
	GlobalSection(SolutionProperties) = preSolution
		HideSolutionNode = FALSE
	EndGlobalSection
	GlobalSection(ExtensibilityGlobals) = postSolution
		SolutionGuid = {A70E01AE-1833-495F-8C79-2150172D7E5D}
	EndGlobalSection
EndGlobal
