
Microsoft Visual Studio Solution File, Format Version 12.00
# Visual Studio 15
VisualStudioVersion = 15.0.26730.12
MinimumVisualStudioVersion = 10.0.40219.1
Project("{FAE04EC0-301F-11D3-BF4B-00C04F79EFBC}") = "AccelMobileClient.Android", "AccelMobileClient\AccelMobileClient.Android\AccelMobileClient.Android.csproj", "{DB280B76-3115-4D59-B67E-F10BE3FE1F16}"
EndProject
Project("{FAE04EC0-301F-11D3-BF4B-00C04F79EFBC}") = "AccelMobileClient", "AccelMobileClient\AccelMobileClient\AccelMobileClient.csproj", "{BB86B3EF-09D2-49EA-8DE9-A449B874C2F0}"
EndProject
Project("{FAE04EC0-301F-11D3-BF4B-00C04F79EFBC}") = "AccelMobileClient.UWP", "AccelMobileClient\AccelMobileClient.UWP\AccelMobileClient.UWP.csproj", "{F36F651B-511E-477F-B4A1-FCA9959F12D4}"
EndProject
Project("{FAE04EC0-301F-11D3-BF4B-00C04F79EFBC}") = "AccelMobileClient.iOS", "AccelMobileClient\AccelMobileClient.iOS\AccelMobileClient.iOS.csproj", "{3ADBE5BE-BCE7-4856-AD72-485CF2EDD441}"
EndProject
Project("{9A19103F-16F7-4668-BE54-9A1E7A4F7556}") = "AccelerationAndGyro", "AccelMobileClient\AccelerationAndGyro\AccelerationAndGyro.csproj", "{23D4705A-D6CD-424B-8916-F242D39829A8}"
EndProject
Project("{FAE04EC0-301F-11D3-BF4B-00C04F79EFBC}") = "AccelerationAndGyroPortable", "AccelerationAndGyroPortable\AccelerationAndGyroPortable.csproj", "{CB49CAAB-C8DC-4D1C-A6A3-14FF9BF5BE84}"
EndProject
Global
	GlobalSection(SolutionConfigurationPlatforms) = preSolution
		Ad-Hoc|Any CPU = Ad-Hoc|Any CPU
		Ad-Hoc|ARM = Ad-Hoc|ARM
		Ad-Hoc|iPhone = Ad-Hoc|iPhone
		Ad-Hoc|iPhoneSimulator = Ad-Hoc|iPhoneSimulator
		Ad-Hoc|x64 = Ad-Hoc|x64
		Ad-Hoc|x86 = Ad-Hoc|x86
		AppStore|Any CPU = AppStore|Any CPU
		AppStore|ARM = AppStore|ARM
		AppStore|iPhone = AppStore|iPhone
		AppStore|iPhoneSimulator = AppStore|iPhoneSimulator
		AppStore|x64 = AppStore|x64
		AppStore|x86 = AppStore|x86
		Debug|Any CPU = Debug|Any CPU
		Debug|ARM = Debug|ARM
		Debug|iPhone = Debug|iPhone
		Debug|iPhoneSimulator = Debug|iPhoneSimulator
		Debug|x64 = Debug|x64
		Debug|x86 = Debug|x86
		Release|Any CPU = Release|Any CPU
		Release|ARM = Release|ARM
		Release|iPhone = Release|iPhone
		Release|iPhoneSimulator = Release|iPhoneSimulator
		Release|x64 = Release|x64
		Release|x86 = Release|x86
	EndGlobalSection
	GlobalSection(ProjectConfigurationPlatforms) = postSolution
		{DB280B76-3115-4D59-B67E-F10BE3FE1F16}.Ad-Hoc|Any CPU.ActiveCfg = Release|Any CPU
		{DB280B76-3115-4D59-B67E-F10BE3FE1F16}.Ad-Hoc|Any CPU.Build.0 = Release|Any CPU
		{DB280B76-3115-4D59-B67E-F10BE3FE1F16}.Ad-Hoc|Any CPU.Deploy.0 = Release|Any CPU
		{DB280B76-3115-4D59-B67E-F10BE3FE1F16}.Ad-Hoc|ARM.ActiveCfg = Release|Any CPU
		{DB280B76-3115-4D59-B67E-F10BE3FE1F16}.Ad-Hoc|ARM.Build.0 = Release|Any CPU
		{DB280B76-3115-4D59-B67E-F10BE3FE1F16}.Ad-Hoc|ARM.Deploy.0 = Release|Any CPU
		{DB280B76-3115-4D59-B67E-F10BE3FE1F16}.Ad-Hoc|iPhone.ActiveCfg = Release|Any CPU
		{DB280B76-3115-4D59-B67E-F10BE3FE1F16}.Ad-Hoc|iPhone.Build.0 = Release|Any CPU
		{DB280B76-3115-4D59-B67E-F10BE3FE1F16}.Ad-Hoc|iPhone.Deploy.0 = Release|Any CPU
		{DB280B76-3115-4D59-B67E-F10BE3FE1F16}.Ad-Hoc|iPhoneSimulator.ActiveCfg = Release|Any CPU
		{DB280B76-3115-4D59-B67E-F10BE3FE1F16}.Ad-Hoc|iPhoneSimulator.Build.0 = Release|Any CPU
		{DB280B76-3115-4D59-B67E-F10BE3FE1F16}.Ad-Hoc|iPhoneSimulator.Deploy.0 = Release|Any CPU
		{DB280B76-3115-4D59-B67E-F10BE3FE1F16}.Ad-Hoc|x64.ActiveCfg = Release|Any CPU
		{DB280B76-3115-4D59-B67E-F10BE3FE1F16}.Ad-Hoc|x64.Build.0 = Release|Any CPU
		{DB280B76-3115-4D59-B67E-F10BE3FE1F16}.Ad-Hoc|x64.Deploy.0 = Release|Any CPU
		{DB280B76-3115-4D59-B67E-F10BE3FE1F16}.Ad-Hoc|x86.ActiveCfg = Release|Any CPU
		{DB280B76-3115-4D59-B67E-F10BE3FE1F16}.Ad-Hoc|x86.Build.0 = Release|Any CPU
		{DB280B76-3115-4D59-B67E-F10BE3FE1F16}.Ad-Hoc|x86.Deploy.0 = Release|Any CPU
		{DB280B76-3115-4D59-B67E-F10BE3FE1F16}.AppStore|Any CPU.ActiveCfg = Release|Any CPU
		{DB280B76-3115-4D59-B67E-F10BE3FE1F16}.AppStore|Any CPU.Build.0 = Release|Any CPU
		{DB280B76-3115-4D59-B67E-F10BE3FE1F16}.AppStore|Any CPU.Deploy.0 = Release|Any CPU
		{DB280B76-3115-4D59-B67E-F10BE3FE1F16}.AppStore|ARM.ActiveCfg = Release|Any CPU
		{DB280B76-3115-4D59-B67E-F10BE3FE1F16}.AppStore|ARM.Build.0 = Release|Any CPU
		{DB280B76-3115-4D59-B67E-F10BE3FE1F16}.AppStore|ARM.Deploy.0 = Release|Any CPU
		{DB280B76-3115-4D59-B67E-F10BE3FE1F16}.AppStore|iPhone.ActiveCfg = Release|Any CPU
		{DB280B76-3115-4D59-B67E-F10BE3FE1F16}.AppStore|iPhone.Build.0 = Release|Any CPU
		{DB280B76-3115-4D59-B67E-F10BE3FE1F16}.AppStore|iPhone.Deploy.0 = Release|Any CPU
		{DB280B76-3115-4D59-B67E-F10BE3FE1F16}.AppStore|iPhoneSimulator.ActiveCfg = Release|Any CPU
		{DB280B76-3115-4D59-B67E-F10BE3FE1F16}.AppStore|iPhoneSimulator.Build.0 = Release|Any CPU
		{DB280B76-3115-4D59-B67E-F10BE3FE1F16}.AppStore|iPhoneSimulator.Deploy.0 = Release|Any CPU
		{DB280B76-3115-4D59-B67E-F10BE3FE1F16}.AppStore|x64.ActiveCfg = Release|Any CPU
		{DB280B76-3115-4D59-B67E-F10BE3FE1F16}.AppStore|x64.Build.0 = Release|Any CPU
		{DB280B76-3115-4D59-B67E-F10BE3FE1F16}.AppStore|x64.Deploy.0 = Release|Any CPU
		{DB280B76-3115-4D59-B67E-F10BE3FE1F16}.AppStore|x86.ActiveCfg = Release|Any CPU
		{DB280B76-3115-4D59-B67E-F10BE3FE1F16}.AppStore|x86.Build.0 = Release|Any CPU
		{DB280B76-3115-4D59-B67E-F10BE3FE1F16}.AppStore|x86.Deploy.0 = Release|Any CPU
		{DB280B76-3115-4D59-B67E-F10BE3FE1F16}.Debug|Any CPU.ActiveCfg = Debug|Any CPU
		{DB280B76-3115-4D59-B67E-F10BE3FE1F16}.Debug|Any CPU.Build.0 = Debug|Any CPU
		{DB280B76-3115-4D59-B67E-F10BE3FE1F16}.Debug|Any CPU.Deploy.0 = Debug|Any CPU
		{DB280B76-3115-4D59-B67E-F10BE3FE1F16}.Debug|ARM.ActiveCfg = Debug|Any CPU
		{DB280B76-3115-4D59-B67E-F10BE3FE1F16}.Debug|ARM.Build.0 = Debug|Any CPU
		{DB280B76-3115-4D59-B67E-F10BE3FE1F16}.Debug|ARM.Deploy.0 = Debug|Any CPU
		{DB280B76-3115-4D59-B67E-F10BE3FE1F16}.Debug|iPhone.ActiveCfg = Debug|Any CPU
		{DB280B76-3115-4D59-B67E-F10BE3FE1F16}.Debug|iPhone.Build.0 = Debug|Any CPU
		{DB280B76-3115-4D59-B67E-F10BE3FE1F16}.Debug|iPhone.Deploy.0 = Debug|Any CPU
		{DB280B76-3115-4D59-B67E-F10BE3FE1F16}.Debug|iPhoneSimulator.ActiveCfg = Debug|Any CPU
		{DB280B76-3115-4D59-B67E-F10BE3FE1F16}.Debug|iPhoneSimulator.Build.0 = Debug|Any CPU
		{DB280B76-3115-4D59-B67E-F10BE3FE1F16}.Debug|iPhoneSimulator.Deploy.0 = Debug|Any CPU
		{DB280B76-3115-4D59-B67E-F10BE3FE1F16}.Debug|x64.ActiveCfg = Debug|Any CPU
		{DB280B76-3115-4D59-B67E-F10BE3FE1F16}.Debug|x64.Build.0 = Debug|Any CPU
		{DB280B76-3115-4D59-B67E-F10BE3FE1F16}.Debug|x64.Deploy.0 = Debug|Any CPU
		{DB280B76-3115-4D59-B67E-F10BE3FE1F16}.Debug|x86.ActiveCfg = Debug|Any CPU
		{DB280B76-3115-4D59-B67E-F10BE3FE1F16}.Debug|x86.Build.0 = Debug|Any CPU
		{DB280B76-3115-4D59-B67E-F10BE3FE1F16}.Debug|x86.Deploy.0 = Debug|Any CPU
		{DB280B76-3115-4D59-B67E-F10BE3FE1F16}.Release|Any CPU.ActiveCfg = Release|Any CPU
		{DB280B76-3115-4D59-B67E-F10BE3FE1F16}.Release|Any CPU.Build.0 = Release|Any CPU
		{DB280B76-3115-4D59-B67E-F10BE3FE1F16}.Release|Any CPU.Deploy.0 = Release|Any CPU
		{DB280B76-3115-4D59-B67E-F10BE3FE1F16}.Release|ARM.ActiveCfg = Release|Any CPU
		{DB280B76-3115-4D59-B67E-F10BE3FE1F16}.Release|ARM.Build.0 = Release|Any CPU
		{DB280B76-3115-4D59-B67E-F10BE3FE1F16}.Release|ARM.Deploy.0 = Release|Any CPU
		{DB280B76-3115-4D59-B67E-F10BE3FE1F16}.Release|iPhone.ActiveCfg = Release|Any CPU
		{DB280B76-3115-4D59-B67E-F10BE3FE1F16}.Release|iPhone.Build.0 = Release|Any CPU
		{DB280B76-3115-4D59-B67E-F10BE3FE1F16}.Release|iPhone.Deploy.0 = Release|Any CPU
		{DB280B76-3115-4D59-B67E-F10BE3FE1F16}.Release|iPhoneSimulator.ActiveCfg = Release|Any CPU
		{DB280B76-3115-4D59-B67E-F10BE3FE1F16}.Release|iPhoneSimulator.Build.0 = Release|Any CPU
		{DB280B76-3115-4D59-B67E-F10BE3FE1F16}.Release|iPhoneSimulator.Deploy.0 = Release|Any CPU
		{DB280B76-3115-4D59-B67E-F10BE3FE1F16}.Release|x64.ActiveCfg = Release|Any CPU
		{DB280B76-3115-4D59-B67E-F10BE3FE1F16}.Release|x64.Build.0 = Release|Any CPU
		{DB280B76-3115-4D59-B67E-F10BE3FE1F16}.Release|x64.Deploy.0 = Release|Any CPU
		{DB280B76-3115-4D59-B67E-F10BE3FE1F16}.Release|x86.ActiveCfg = Release|Any CPU
		{DB280B76-3115-4D59-B67E-F10BE3FE1F16}.Release|x86.Build.0 = Release|Any CPU
		{DB280B76-3115-4D59-B67E-F10BE3FE1F16}.Release|x86.Deploy.0 = Release|Any CPU
		{BB86B3EF-09D2-49EA-8DE9-A449B874C2F0}.Ad-Hoc|Any CPU.ActiveCfg = Release|Any CPU
		{BB86B3EF-09D2-49EA-8DE9-A449B874C2F0}.Ad-Hoc|Any CPU.Build.0 = Release|Any CPU
		{BB86B3EF-09D2-49EA-8DE9-A449B874C2F0}.Ad-Hoc|ARM.ActiveCfg = Release|Any CPU
		{BB86B3EF-09D2-49EA-8DE9-A449B874C2F0}.Ad-Hoc|ARM.Build.0 = Release|Any CPU
		{BB86B3EF-09D2-49EA-8DE9-A449B874C2F0}.Ad-Hoc|iPhone.ActiveCfg = Release|Any CPU
		{BB86B3EF-09D2-49EA-8DE9-A449B874C2F0}.Ad-Hoc|iPhone.Build.0 = Release|Any CPU
		{BB86B3EF-09D2-49EA-8DE9-A449B874C2F0}.Ad-Hoc|iPhoneSimulator.ActiveCfg = Release|Any CPU
		{BB86B3EF-09D2-49EA-8DE9-A449B874C2F0}.Ad-Hoc|iPhoneSimulator.Build.0 = Release|Any CPU
		{BB86B3EF-09D2-49EA-8DE9-A449B874C2F0}.Ad-Hoc|x64.ActiveCfg = Release|Any CPU
		{BB86B3EF-09D2-49EA-8DE9-A449B874C2F0}.Ad-Hoc|x64.Build.0 = Release|Any CPU
		{BB86B3EF-09D2-49EA-8DE9-A449B874C2F0}.Ad-Hoc|x86.ActiveCfg = Release|Any CPU
		{BB86B3EF-09D2-49EA-8DE9-A449B874C2F0}.Ad-Hoc|x86.Build.0 = Release|Any CPU
		{BB86B3EF-09D2-49EA-8DE9-A449B874C2F0}.AppStore|Any CPU.ActiveCfg = Release|Any CPU
		{BB86B3EF-09D2-49EA-8DE9-A449B874C2F0}.AppStore|Any CPU.Build.0 = Release|Any CPU
		{BB86B3EF-09D2-49EA-8DE9-A449B874C2F0}.AppStore|ARM.ActiveCfg = Release|Any CPU
		{BB86B3EF-09D2-49EA-8DE9-A449B874C2F0}.AppStore|ARM.Build.0 = Release|Any CPU
		{BB86B3EF-09D2-49EA-8DE9-A449B874C2F0}.AppStore|iPhone.ActiveCfg = Release|Any CPU
		{BB86B3EF-09D2-49EA-8DE9-A449B874C2F0}.AppStore|iPhone.Build.0 = Release|Any CPU
		{BB86B3EF-09D2-49EA-8DE9-A449B874C2F0}.AppStore|iPhoneSimulator.ActiveCfg = Release|Any CPU
		{BB86B3EF-09D2-49EA-8DE9-A449B874C2F0}.AppStore|iPhoneSimulator.Build.0 = Release|Any CPU
		{BB86B3EF-09D2-49EA-8DE9-A449B874C2F0}.AppStore|x64.ActiveCfg = Release|Any CPU
		{BB86B3EF-09D2-49EA-8DE9-A449B874C2F0}.AppStore|x64.Build.0 = Release|Any CPU
		{BB86B3EF-09D2-49EA-8DE9-A449B874C2F0}.AppStore|x86.ActiveCfg = Release|Any CPU
		{BB86B3EF-09D2-49EA-8DE9-A449B874C2F0}.AppStore|x86.Build.0 = Release|Any CPU
		{BB86B3EF-09D2-49EA-8DE9-A449B874C2F0}.Debug|Any CPU.ActiveCfg = Debug|Any CPU
		{BB86B3EF-09D2-49EA-8DE9-A449B874C2F0}.Debug|Any CPU.Build.0 = Debug|Any CPU
		{BB86B3EF-09D2-49EA-8DE9-A449B874C2F0}.Debug|ARM.ActiveCfg = Debug|Any CPU
		{BB86B3EF-09D2-49EA-8DE9-A449B874C2F0}.Debug|ARM.Build.0 = Debug|Any CPU
		{BB86B3EF-09D2-49EA-8DE9-A449B874C2F0}.Debug|iPhone.ActiveCfg = Debug|Any CPU
		{BB86B3EF-09D2-49EA-8DE9-A449B874C2F0}.Debug|iPhone.Build.0 = Debug|Any CPU
		{BB86B3EF-09D2-49EA-8DE9-A449B874C2F0}.Debug|iPhoneSimulator.ActiveCfg = Debug|Any CPU
		{BB86B3EF-09D2-49EA-8DE9-A449B874C2F0}.Debug|iPhoneSimulator.Build.0 = Debug|Any CPU
		{BB86B3EF-09D2-49EA-8DE9-A449B874C2F0}.Debug|x64.ActiveCfg = Debug|Any CPU
		{BB86B3EF-09D2-49EA-8DE9-A449B874C2F0}.Debug|x64.Build.0 = Debug|Any CPU
		{BB86B3EF-09D2-49EA-8DE9-A449B874C2F0}.Debug|x86.ActiveCfg = Debug|Any CPU
		{BB86B3EF-09D2-49EA-8DE9-A449B874C2F0}.Debug|x86.Build.0 = Debug|Any CPU
		{BB86B3EF-09D2-49EA-8DE9-A449B874C2F0}.Release|Any CPU.ActiveCfg = Release|Any CPU
		{BB86B3EF-09D2-49EA-8DE9-A449B874C2F0}.Release|Any CPU.Build.0 = Release|Any CPU
		{BB86B3EF-09D2-49EA-8DE9-A449B874C2F0}.Release|ARM.ActiveCfg = Release|Any CPU
		{BB86B3EF-09D2-49EA-8DE9-A449B874C2F0}.Release|ARM.Build.0 = Release|Any CPU
		{BB86B3EF-09D2-49EA-8DE9-A449B874C2F0}.Release|iPhone.ActiveCfg = Release|Any CPU
		{BB86B3EF-09D2-49EA-8DE9-A449B874C2F0}.Release|iPhone.Build.0 = Release|Any CPU
		{BB86B3EF-09D2-49EA-8DE9-A449B874C2F0}.Release|iPhoneSimulator.ActiveCfg = Release|Any CPU
		{BB86B3EF-09D2-49EA-8DE9-A449B874C2F0}.Release|iPhoneSimulator.Build.0 = Release|Any CPU
		{BB86B3EF-09D2-49EA-8DE9-A449B874C2F0}.Release|x64.ActiveCfg = Release|Any CPU
		{BB86B3EF-09D2-49EA-8DE9-A449B874C2F0}.Release|x64.Build.0 = Release|Any CPU
		{BB86B3EF-09D2-49EA-8DE9-A449B874C2F0}.Release|x86.ActiveCfg = Release|Any CPU
		{BB86B3EF-09D2-49EA-8DE9-A449B874C2F0}.Release|x86.Build.0 = Release|Any CPU
		{F36F651B-511E-477F-B4A1-FCA9959F12D4}.Ad-Hoc|Any CPU.ActiveCfg = Release|x86
		{F36F651B-511E-477F-B4A1-FCA9959F12D4}.Ad-Hoc|Any CPU.Build.0 = Release|x86
		{F36F651B-511E-477F-B4A1-FCA9959F12D4}.Ad-Hoc|Any CPU.Deploy.0 = Release|x86
		{F36F651B-511E-477F-B4A1-FCA9959F12D4}.Ad-Hoc|ARM.ActiveCfg = Release|ARM
		{F36F651B-511E-477F-B4A1-FCA9959F12D4}.Ad-Hoc|ARM.Build.0 = Release|ARM
		{F36F651B-511E-477F-B4A1-FCA9959F12D4}.Ad-Hoc|ARM.Deploy.0 = Release|ARM
		{F36F651B-511E-477F-B4A1-FCA9959F12D4}.Ad-Hoc|iPhone.ActiveCfg = Release|x86
		{F36F651B-511E-477F-B4A1-FCA9959F12D4}.Ad-Hoc|iPhone.Build.0 = Release|x86
		{F36F651B-511E-477F-B4A1-FCA9959F12D4}.Ad-Hoc|iPhone.Deploy.0 = Release|x86
		{F36F651B-511E-477F-B4A1-FCA9959F12D4}.Ad-Hoc|iPhoneSimulator.ActiveCfg = Release|x86
		{F36F651B-511E-477F-B4A1-FCA9959F12D4}.Ad-Hoc|iPhoneSimulator.Build.0 = Release|x86
		{F36F651B-511E-477F-B4A1-FCA9959F12D4}.Ad-Hoc|iPhoneSimulator.Deploy.0 = Release|x86
		{F36F651B-511E-477F-B4A1-FCA9959F12D4}.Ad-Hoc|x64.ActiveCfg = Release|x64
		{F36F651B-511E-477F-B4A1-FCA9959F12D4}.Ad-Hoc|x64.Build.0 = Release|x64
		{F36F651B-511E-477F-B4A1-FCA9959F12D4}.Ad-Hoc|x64.Deploy.0 = Release|x64
		{F36F651B-511E-477F-B4A1-FCA9959F12D4}.Ad-Hoc|x86.ActiveCfg = Release|x86
		{F36F651B-511E-477F-B4A1-FCA9959F12D4}.Ad-Hoc|x86.Build.0 = Release|x86
		{F36F651B-511E-477F-B4A1-FCA9959F12D4}.Ad-Hoc|x86.Deploy.0 = Release|x86
		{F36F651B-511E-477F-B4A1-FCA9959F12D4}.AppStore|Any CPU.ActiveCfg = Release|x86
		{F36F651B-511E-477F-B4A1-FCA9959F12D4}.AppStore|Any CPU.Build.0 = Release|x86
		{F36F651B-511E-477F-B4A1-FCA9959F12D4}.AppStore|Any CPU.Deploy.0 = Release|x86
		{F36F651B-511E-477F-B4A1-FCA9959F12D4}.AppStore|ARM.ActiveCfg = Release|ARM
		{F36F651B-511E-477F-B4A1-FCA9959F12D4}.AppStore|ARM.Build.0 = Release|ARM
		{F36F651B-511E-477F-B4A1-FCA9959F12D4}.AppStore|ARM.Deploy.0 = Release|ARM
		{F36F651B-511E-477F-B4A1-FCA9959F12D4}.AppStore|iPhone.ActiveCfg = Release|x86
		{F36F651B-511E-477F-B4A1-FCA9959F12D4}.AppStore|iPhone.Build.0 = Release|x86
		{F36F651B-511E-477F-B4A1-FCA9959F12D4}.AppStore|iPhone.Deploy.0 = Release|x86
		{F36F651B-511E-477F-B4A1-FCA9959F12D4}.AppStore|iPhoneSimulator.ActiveCfg = Release|x86
		{F36F651B-511E-477F-B4A1-FCA9959F12D4}.AppStore|iPhoneSimulator.Build.0 = Release|x86
		{F36F651B-511E-477F-B4A1-FCA9959F12D4}.AppStore|iPhoneSimulator.Deploy.0 = Release|x86
		{F36F651B-511E-477F-B4A1-FCA9959F12D4}.AppStore|x64.ActiveCfg = Release|x64
		{F36F651B-511E-477F-B4A1-FCA9959F12D4}.AppStore|x64.Build.0 = Release|x64
		{F36F651B-511E-477F-B4A1-FCA9959F12D4}.AppStore|x64.Deploy.0 = Release|x64
		{F36F651B-511E-477F-B4A1-FCA9959F12D4}.AppStore|x86.ActiveCfg = Release|x86
		{F36F651B-511E-477F-B4A1-FCA9959F12D4}.AppStore|x86.Build.0 = Release|x86
		{F36F651B-511E-477F-B4A1-FCA9959F12D4}.AppStore|x86.Deploy.0 = Release|x86
		{F36F651B-511E-477F-B4A1-FCA9959F12D4}.Debug|Any CPU.ActiveCfg = Debug|x86
		{F36F651B-511E-477F-B4A1-FCA9959F12D4}.Debug|ARM.ActiveCfg = Debug|ARM
		{F36F651B-511E-477F-B4A1-FCA9959F12D4}.Debug|ARM.Build.0 = Debug|ARM
		{F36F651B-511E-477F-B4A1-FCA9959F12D4}.Debug|ARM.Deploy.0 = Debug|ARM
		{F36F651B-511E-477F-B4A1-FCA9959F12D4}.Debug|iPhone.ActiveCfg = Debug|x86
		{F36F651B-511E-477F-B4A1-FCA9959F12D4}.Debug|iPhoneSimulator.ActiveCfg = Debug|x86
		{F36F651B-511E-477F-B4A1-FCA9959F12D4}.Debug|x64.ActiveCfg = Debug|x64
		{F36F651B-511E-477F-B4A1-FCA9959F12D4}.Debug|x64.Build.0 = Debug|x64
		{F36F651B-511E-477F-B4A1-FCA9959F12D4}.Debug|x64.Deploy.0 = Debug|x64
		{F36F651B-511E-477F-B4A1-FCA9959F12D4}.Debug|x86.ActiveCfg = Debug|x86
		{F36F651B-511E-477F-B4A1-FCA9959F12D4}.Debug|x86.Build.0 = Debug|x86
		{F36F651B-511E-477F-B4A1-FCA9959F12D4}.Debug|x86.Deploy.0 = Debug|x86
		{F36F651B-511E-477F-B4A1-FCA9959F12D4}.Release|Any CPU.ActiveCfg = Release|x86
		{F36F651B-511E-477F-B4A1-FCA9959F12D4}.Release|ARM.ActiveCfg = Release|ARM
		{F36F651B-511E-477F-B4A1-FCA9959F12D4}.Release|ARM.Build.0 = Release|ARM
		{F36F651B-511E-477F-B4A1-FCA9959F12D4}.Release|ARM.Deploy.0 = Release|ARM
		{F36F651B-511E-477F-B4A1-FCA9959F12D4}.Release|iPhone.ActiveCfg = Release|x86
		{F36F651B-511E-477F-B4A1-FCA9959F12D4}.Release|iPhoneSimulator.ActiveCfg = Release|x86
		{F36F651B-511E-477F-B4A1-FCA9959F12D4}.Release|x64.ActiveCfg = Release|x64
		{F36F651B-511E-477F-B4A1-FCA9959F12D4}.Release|x64.Build.0 = Release|x64
		{F36F651B-511E-477F-B4A1-FCA9959F12D4}.Release|x64.Deploy.0 = Release|x64
		{F36F651B-511E-477F-B4A1-FCA9959F12D4}.Release|x86.ActiveCfg = Release|x86
		{F36F651B-511E-477F-B4A1-FCA9959F12D4}.Release|x86.Build.0 = Release|x86
		{F36F651B-511E-477F-B4A1-FCA9959F12D4}.Release|x86.Deploy.0 = Release|x86
		{3ADBE5BE-BCE7-4856-AD72-485CF2EDD441}.Ad-Hoc|Any CPU.ActiveCfg = Ad-Hoc|iPhone
		{3ADBE5BE-BCE7-4856-AD72-485CF2EDD441}.Ad-Hoc|ARM.ActiveCfg = Ad-Hoc|iPhone
		{3ADBE5BE-BCE7-4856-AD72-485CF2EDD441}.Ad-Hoc|iPhone.ActiveCfg = Ad-Hoc|iPhone
		{3ADBE5BE-BCE7-4856-AD72-485CF2EDD441}.Ad-Hoc|iPhone.Build.0 = Ad-Hoc|iPhone
		{3ADBE5BE-BCE7-4856-AD72-485CF2EDD441}.Ad-Hoc|iPhoneSimulator.ActiveCfg = Ad-Hoc|iPhoneSimulator
		{3ADBE5BE-BCE7-4856-AD72-485CF2EDD441}.Ad-Hoc|iPhoneSimulator.Build.0 = Ad-Hoc|iPhoneSimulator
		{3ADBE5BE-BCE7-4856-AD72-485CF2EDD441}.Ad-Hoc|x64.ActiveCfg = Ad-Hoc|iPhone
		{3ADBE5BE-BCE7-4856-AD72-485CF2EDD441}.Ad-Hoc|x86.ActiveCfg = Ad-Hoc|iPhone
		{3ADBE5BE-BCE7-4856-AD72-485CF2EDD441}.AppStore|Any CPU.ActiveCfg = AppStore|iPhone
		{3ADBE5BE-BCE7-4856-AD72-485CF2EDD441}.AppStore|ARM.ActiveCfg = AppStore|iPhone
		{3ADBE5BE-BCE7-4856-AD72-485CF2EDD441}.AppStore|iPhone.ActiveCfg = AppStore|iPhone
		{3ADBE5BE-BCE7-4856-AD72-485CF2EDD441}.AppStore|iPhone.Build.0 = AppStore|iPhone
		{3ADBE5BE-BCE7-4856-AD72-485CF2EDD441}.AppStore|iPhoneSimulator.ActiveCfg = AppStore|iPhoneSimulator
		{3ADBE5BE-BCE7-4856-AD72-485CF2EDD441}.AppStore|iPhoneSimulator.Build.0 = AppStore|iPhoneSimulator
		{3ADBE5BE-BCE7-4856-AD72-485CF2EDD441}.AppStore|x64.ActiveCfg = AppStore|iPhone
		{3ADBE5BE-BCE7-4856-AD72-485CF2EDD441}.AppStore|x86.ActiveCfg = AppStore|iPhone
		{3ADBE5BE-BCE7-4856-AD72-485CF2EDD441}.Debug|Any CPU.ActiveCfg = Debug|iPhone
		{3ADBE5BE-BCE7-4856-AD72-485CF2EDD441}.Debug|ARM.ActiveCfg = Debug|iPhone
		{3ADBE5BE-BCE7-4856-AD72-485CF2EDD441}.Debug|iPhone.ActiveCfg = Debug|iPhone
		{3ADBE5BE-BCE7-4856-AD72-485CF2EDD441}.Debug|iPhone.Build.0 = Debug|iPhone
		{3ADBE5BE-BCE7-4856-AD72-485CF2EDD441}.Debug|iPhoneSimulator.ActiveCfg = Debug|iPhoneSimulator
		{3ADBE5BE-BCE7-4856-AD72-485CF2EDD441}.Debug|iPhoneSimulator.Build.0 = Debug|iPhoneSimulator
		{3ADBE5BE-BCE7-4856-AD72-485CF2EDD441}.Debug|x64.ActiveCfg = Debug|iPhone
		{3ADBE5BE-BCE7-4856-AD72-485CF2EDD441}.Debug|x86.ActiveCfg = Debug|iPhone
		{3ADBE5BE-BCE7-4856-AD72-485CF2EDD441}.Release|Any CPU.ActiveCfg = Release|iPhone
		{3ADBE5BE-BCE7-4856-AD72-485CF2EDD441}.Release|ARM.ActiveCfg = Release|iPhone
		{3ADBE5BE-BCE7-4856-AD72-485CF2EDD441}.Release|iPhone.ActiveCfg = Release|iPhone
		{3ADBE5BE-BCE7-4856-AD72-485CF2EDD441}.Release|iPhone.Build.0 = Release|iPhone
		{3ADBE5BE-BCE7-4856-AD72-485CF2EDD441}.Release|iPhoneSimulator.ActiveCfg = Release|iPhoneSimulator
		{3ADBE5BE-BCE7-4856-AD72-485CF2EDD441}.Release|iPhoneSimulator.Build.0 = Release|iPhoneSimulator
		{3ADBE5BE-BCE7-4856-AD72-485CF2EDD441}.Release|x64.ActiveCfg = Release|iPhone
		{3ADBE5BE-BCE7-4856-AD72-485CF2EDD441}.Release|x86.ActiveCfg = Release|iPhone
		{23D4705A-D6CD-424B-8916-F242D39829A8}.Ad-Hoc|Any CPU.ActiveCfg = Debug|Any CPU
		{23D4705A-D6CD-424B-8916-F242D39829A8}.Ad-Hoc|Any CPU.Build.0 = Debug|Any CPU
		{23D4705A-D6CD-424B-8916-F242D39829A8}.Ad-Hoc|ARM.ActiveCfg = Debug|Any CPU
		{23D4705A-D6CD-424B-8916-F242D39829A8}.Ad-Hoc|ARM.Build.0 = Debug|Any CPU
		{23D4705A-D6CD-424B-8916-F242D39829A8}.Ad-Hoc|iPhone.ActiveCfg = Debug|Any CPU
		{23D4705A-D6CD-424B-8916-F242D39829A8}.Ad-Hoc|iPhone.Build.0 = Debug|Any CPU
		{23D4705A-D6CD-424B-8916-F242D39829A8}.Ad-Hoc|iPhoneSimulator.ActiveCfg = Debug|Any CPU
		{23D4705A-D6CD-424B-8916-F242D39829A8}.Ad-Hoc|iPhoneSimulator.Build.0 = Debug|Any CPU
		{23D4705A-D6CD-424B-8916-F242D39829A8}.Ad-Hoc|x64.ActiveCfg = Debug|Any CPU
		{23D4705A-D6CD-424B-8916-F242D39829A8}.Ad-Hoc|x64.Build.0 = Debug|Any CPU
		{23D4705A-D6CD-424B-8916-F242D39829A8}.Ad-Hoc|x86.ActiveCfg = Debug|Any CPU
		{23D4705A-D6CD-424B-8916-F242D39829A8}.Ad-Hoc|x86.Build.0 = Debug|Any CPU
		{23D4705A-D6CD-424B-8916-F242D39829A8}.AppStore|Any CPU.ActiveCfg = Debug|Any CPU
		{23D4705A-D6CD-424B-8916-F242D39829A8}.AppStore|Any CPU.Build.0 = Debug|Any CPU
		{23D4705A-D6CD-424B-8916-F242D39829A8}.AppStore|ARM.ActiveCfg = Debug|Any CPU
		{23D4705A-D6CD-424B-8916-F242D39829A8}.AppStore|ARM.Build.0 = Debug|Any CPU
		{23D4705A-D6CD-424B-8916-F242D39829A8}.AppStore|iPhone.ActiveCfg = Debug|Any CPU
		{23D4705A-D6CD-424B-8916-F242D39829A8}.AppStore|iPhone.Build.0 = Debug|Any CPU
		{23D4705A-D6CD-424B-8916-F242D39829A8}.AppStore|iPhoneSimulator.ActiveCfg = Debug|Any CPU
		{23D4705A-D6CD-424B-8916-F242D39829A8}.AppStore|iPhoneSimulator.Build.0 = Debug|Any CPU
		{23D4705A-D6CD-424B-8916-F242D39829A8}.AppStore|x64.ActiveCfg = Debug|Any CPU
		{23D4705A-D6CD-424B-8916-F242D39829A8}.AppStore|x64.Build.0 = Debug|Any CPU
		{23D4705A-D6CD-424B-8916-F242D39829A8}.AppStore|x86.ActiveCfg = Debug|Any CPU
		{23D4705A-D6CD-424B-8916-F242D39829A8}.AppStore|x86.Build.0 = Debug|Any CPU
		{23D4705A-D6CD-424B-8916-F242D39829A8}.Debug|Any CPU.ActiveCfg = Debug|Any CPU
		{23D4705A-D6CD-424B-8916-F242D39829A8}.Debug|Any CPU.Build.0 = Debug|Any CPU
		{23D4705A-D6CD-424B-8916-F242D39829A8}.Debug|ARM.ActiveCfg = Debug|Any CPU
		{23D4705A-D6CD-424B-8916-F242D39829A8}.Debug|ARM.Build.0 = Debug|Any CPU
		{23D4705A-D6CD-424B-8916-F242D39829A8}.Debug|iPhone.ActiveCfg = Debug|Any CPU
		{23D4705A-D6CD-424B-8916-F242D39829A8}.Debug|iPhone.Build.0 = Debug|Any CPU
		{23D4705A-D6CD-424B-8916-F242D39829A8}.Debug|iPhoneSimulator.ActiveCfg = Debug|Any CPU
		{23D4705A-D6CD-424B-8916-F242D39829A8}.Debug|iPhoneSimulator.Build.0 = Debug|Any CPU
		{23D4705A-D6CD-424B-8916-F242D39829A8}.Debug|x64.ActiveCfg = Debug|Any CPU
		{23D4705A-D6CD-424B-8916-F242D39829A8}.Debug|x64.Build.0 = Debug|Any CPU
		{23D4705A-D6CD-424B-8916-F242D39829A8}.Debug|x86.ActiveCfg = Debug|Any CPU
		{23D4705A-D6CD-424B-8916-F242D39829A8}.Debug|x86.Build.0 = Debug|Any CPU
		{23D4705A-D6CD-424B-8916-F242D39829A8}.Release|Any CPU.ActiveCfg = Release|Any CPU
		{23D4705A-D6CD-424B-8916-F242D39829A8}.Release|Any CPU.Build.0 = Release|Any CPU
		{23D4705A-D6CD-424B-8916-F242D39829A8}.Release|ARM.ActiveCfg = Release|Any CPU
		{23D4705A-D6CD-424B-8916-F242D39829A8}.Release|ARM.Build.0 = Release|Any CPU
		{23D4705A-D6CD-424B-8916-F242D39829A8}.Release|iPhone.ActiveCfg = Release|Any CPU
		{23D4705A-D6CD-424B-8916-F242D39829A8}.Release|iPhone.Build.0 = Release|Any CPU
		{23D4705A-D6CD-424B-8916-F242D39829A8}.Release|iPhoneSimulator.ActiveCfg = Release|Any CPU
		{23D4705A-D6CD-424B-8916-F242D39829A8}.Release|iPhoneSimulator.Build.0 = Release|Any CPU
		{23D4705A-D6CD-424B-8916-F242D39829A8}.Release|x64.ActiveCfg = Release|Any CPU
		{23D4705A-D6CD-424B-8916-F242D39829A8}.Release|x64.Build.0 = Release|Any CPU
		{23D4705A-D6CD-424B-8916-F242D39829A8}.Release|x86.ActiveCfg = Release|Any CPU
		{23D4705A-D6CD-424B-8916-F242D39829A8}.Release|x86.Build.0 = Release|Any CPU
		{CB49CAAB-C8DC-4D1C-A6A3-14FF9BF5BE84}.Ad-Hoc|Any CPU.ActiveCfg = Release|Any CPU
		{CB49CAAB-C8DC-4D1C-A6A3-14FF9BF5BE84}.Ad-Hoc|Any CPU.Build.0 = Release|Any CPU
		{CB49CAAB-C8DC-4D1C-A6A3-14FF9BF5BE84}.Ad-Hoc|ARM.ActiveCfg = Release|Any CPU
		{CB49CAAB-C8DC-4D1C-A6A3-14FF9BF5BE84}.Ad-Hoc|ARM.Build.0 = Release|Any CPU
		{CB49CAAB-C8DC-4D1C-A6A3-14FF9BF5BE84}.Ad-Hoc|iPhone.ActiveCfg = Release|Any CPU
		{CB49CAAB-C8DC-4D1C-A6A3-14FF9BF5BE84}.Ad-Hoc|iPhone.Build.0 = Release|Any CPU
		{CB49CAAB-C8DC-4D1C-A6A3-14FF9BF5BE84}.Ad-Hoc|iPhoneSimulator.ActiveCfg = Release|Any CPU
		{CB49CAAB-C8DC-4D1C-A6A3-14FF9BF5BE84}.Ad-Hoc|iPhoneSimulator.Build.0 = Release|Any CPU
		{CB49CAAB-C8DC-4D1C-A6A3-14FF9BF5BE84}.Ad-Hoc|x64.ActiveCfg = Release|Any CPU
		{CB49CAAB-C8DC-4D1C-A6A3-14FF9BF5BE84}.Ad-Hoc|x64.Build.0 = Release|Any CPU
		{CB49CAAB-C8DC-4D1C-A6A3-14FF9BF5BE84}.Ad-Hoc|x86.ActiveCfg = Release|Any CPU
		{CB49CAAB-C8DC-4D1C-A6A3-14FF9BF5BE84}.Ad-Hoc|x86.Build.0 = Release|Any CPU
		{CB49CAAB-C8DC-4D1C-A6A3-14FF9BF5BE84}.AppStore|Any CPU.ActiveCfg = Release|Any CPU
		{CB49CAAB-C8DC-4D1C-A6A3-14FF9BF5BE84}.AppStore|Any CPU.Build.0 = Release|Any CPU
		{CB49CAAB-C8DC-4D1C-A6A3-14FF9BF5BE84}.AppStore|ARM.ActiveCfg = Release|Any CPU
		{CB49CAAB-C8DC-4D1C-A6A3-14FF9BF5BE84}.AppStore|ARM.Build.0 = Release|Any CPU
		{CB49CAAB-C8DC-4D1C-A6A3-14FF9BF5BE84}.AppStore|iPhone.ActiveCfg = Release|Any CPU
		{CB49CAAB-C8DC-4D1C-A6A3-14FF9BF5BE84}.AppStore|iPhone.Build.0 = Release|Any CPU
		{CB49CAAB-C8DC-4D1C-A6A3-14FF9BF5BE84}.AppStore|iPhoneSimulator.ActiveCfg = Release|Any CPU
		{CB49CAAB-C8DC-4D1C-A6A3-14FF9BF5BE84}.AppStore|iPhoneSimulator.Build.0 = Release|Any CPU
		{CB49CAAB-C8DC-4D1C-A6A3-14FF9BF5BE84}.AppStore|x64.ActiveCfg = Release|Any CPU
		{CB49CAAB-C8DC-4D1C-A6A3-14FF9BF5BE84}.AppStore|x64.Build.0 = Release|Any CPU
		{CB49CAAB-C8DC-4D1C-A6A3-14FF9BF5BE84}.AppStore|x86.ActiveCfg = Release|Any CPU
		{CB49CAAB-C8DC-4D1C-A6A3-14FF9BF5BE84}.AppStore|x86.Build.0 = Release|Any CPU
		{CB49CAAB-C8DC-4D1C-A6A3-14FF9BF5BE84}.Debug|Any CPU.ActiveCfg = Debug|Any CPU
		{CB49CAAB-C8DC-4D1C-A6A3-14FF9BF5BE84}.Debug|Any CPU.Build.0 = Debug|Any CPU
		{CB49CAAB-C8DC-4D1C-A6A3-14FF9BF5BE84}.Debug|ARM.ActiveCfg = Debug|Any CPU
		{CB49CAAB-C8DC-4D1C-A6A3-14FF9BF5BE84}.Debug|ARM.Build.0 = Debug|Any CPU
		{CB49CAAB-C8DC-4D1C-A6A3-14FF9BF5BE84}.Debug|iPhone.ActiveCfg = Debug|Any CPU
		{CB49CAAB-C8DC-4D1C-A6A3-14FF9BF5BE84}.Debug|iPhone.Build.0 = Debug|Any CPU
		{CB49CAAB-C8DC-4D1C-A6A3-14FF9BF5BE84}.Debug|iPhoneSimulator.ActiveCfg = Debug|Any CPU
		{CB49CAAB-C8DC-4D1C-A6A3-14FF9BF5BE84}.Debug|iPhoneSimulator.Build.0 = Debug|Any CPU
		{CB49CAAB-C8DC-4D1C-A6A3-14FF9BF5BE84}.Debug|x64.ActiveCfg = Debug|Any CPU
		{CB49CAAB-C8DC-4D1C-A6A3-14FF9BF5BE84}.Debug|x64.Build.0 = Debug|Any CPU
		{CB49CAAB-C8DC-4D1C-A6A3-14FF9BF5BE84}.Debug|x86.ActiveCfg = Debug|Any CPU
		{CB49CAAB-C8DC-4D1C-A6A3-14FF9BF5BE84}.Debug|x86.Build.0 = Debug|Any CPU
		{CB49CAAB-C8DC-4D1C-A6A3-14FF9BF5BE84}.Release|Any CPU.ActiveCfg = Release|Any CPU
		{CB49CAAB-C8DC-4D1C-A6A3-14FF9BF5BE84}.Release|Any CPU.Build.0 = Release|Any CPU
		{CB49CAAB-C8DC-4D1C-A6A3-14FF9BF5BE84}.Release|ARM.ActiveCfg = Release|Any CPU
		{CB49CAAB-C8DC-4D1C-A6A3-14FF9BF5BE84}.Release|ARM.Build.0 = Release|Any CPU
		{CB49CAAB-C8DC-4D1C-A6A3-14FF9BF5BE84}.Release|iPhone.ActiveCfg = Release|Any CPU
		{CB49CAAB-C8DC-4D1C-A6A3-14FF9BF5BE84}.Release|iPhone.Build.0 = Release|Any CPU
		{CB49CAAB-C8DC-4D1C-A6A3-14FF9BF5BE84}.Release|iPhoneSimulator.ActiveCfg = Release|Any CPU
		{CB49CAAB-C8DC-4D1C-A6A3-14FF9BF5BE84}.Release|iPhoneSimulator.Build.0 = Release|Any CPU
		{CB49CAAB-C8DC-4D1C-A6A3-14FF9BF5BE84}.Release|x64.ActiveCfg = Release|Any CPU
		{CB49CAAB-C8DC-4D1C-A6A3-14FF9BF5BE84}.Release|x64.Build.0 = Release|Any CPU
		{CB49CAAB-C8DC-4D1C-A6A3-14FF9BF5BE84}.Release|x86.ActiveCfg = Release|Any CPU
		{CB49CAAB-C8DC-4D1C-A6A3-14FF9BF5BE84}.Release|x86.Build.0 = Release|Any CPU
	EndGlobalSection
	GlobalSection(SolutionProperties) = preSolution
		HideSolutionNode = FALSE
	EndGlobalSection
	GlobalSection(ExtensibilityGlobals) = postSolution
		SolutionGuid = {61840BB4-8638-44E0-828B-190D2CD55338}
	EndGlobalSection
EndGlobal
