
Microsoft Visual Studio Solution File, Format Version 12.00
# Visual Studio 15
VisualStudioVersion = 15.0.26430.16
MinimumVisualStudioVersion = 10.0.40219.1
Project("{FAE04EC0-301F-11D3-BF4B-00C04F79EFBC}") = "AccelClient.Android", "AccelClient\AccelClient.Android\AccelClient.Android.csproj", "{5B4745C9-056D-4F9D-9433-3CD32703977B}"
EndProject
Project("{FAE04EC0-301F-11D3-BF4B-00C04F79EFBC}") = "AccelClient.UWP", "AccelClient\AccelClient.UWP\AccelClient.UWP.csproj", "{E6EADA80-5C26-4A81-BD5A-4357E412E59E}"
EndProject
Project("{FAE04EC0-301F-11D3-BF4B-00C04F79EFBC}") = "AccelClient.iOS", "AccelClient\AccelClient.iOS\AccelClient.iOS.csproj", "{1955F82F-4549-4F71-82F6-67234682DACC}"
EndProject
Project("{9A19103F-16F7-4668-BE54-9A1E7A4F7556}") = "AccelClient", "AccelClient\AccelClient\AccelClient.csproj", "{9DE3B3CA-F23C-4507-9E66-ECC45A089273}"
EndProject
Global
	GlobalSection(SolutionConfigurationPlatforms) = preSolution
		Ad-Hoc|Any CPU = Ad-Hoc|Any CPU
		Ad-Hoc|ARM = Ad-Hoc|ARM
		Ad-Hoc|iPhone = Ad-Hoc|iPhone
		Ad-Hoc|iPhoneSimulator = Ad-Hoc|iPhoneSimulator
		Ad-Hoc|x64 = Ad-Hoc|x64
		Ad-Hoc|x86 = Ad-Hoc|x86
		AppStore|Any CPU = AppStore|Any CPU
		AppStore|ARM = AppStore|ARM
		AppStore|iPhone = AppStore|iPhone
		AppStore|iPhoneSimulator = AppStore|iPhoneSimulator
		AppStore|x64 = AppStore|x64
		AppStore|x86 = AppStore|x86
		Debug|Any CPU = Debug|Any CPU
		Debug|ARM = Debug|ARM
		Debug|iPhone = Debug|iPhone
		Debug|iPhoneSimulator = Debug|iPhoneSimulator
		Debug|x64 = Debug|x64
		Debug|x86 = Debug|x86
		Release|Any CPU = Release|Any CPU
		Release|ARM = Release|ARM
		Release|iPhone = Release|iPhone
		Release|iPhoneSimulator = Release|iPhoneSimulator
		Release|x64 = Release|x64
		Release|x86 = Release|x86
	EndGlobalSection
	GlobalSection(ProjectConfigurationPlatforms) = postSolution
		{5B4745C9-056D-4F9D-9433-3CD32703977B}.Ad-Hoc|Any CPU.ActiveCfg = Release|Any CPU
		{5B4745C9-056D-4F9D-9433-3CD32703977B}.Ad-Hoc|Any CPU.Build.0 = Release|Any CPU
		{5B4745C9-056D-4F9D-9433-3CD32703977B}.Ad-Hoc|Any CPU.Deploy.0 = Release|Any CPU
		{5B4745C9-056D-4F9D-9433-3CD32703977B}.Ad-Hoc|ARM.ActiveCfg = Release|Any CPU
		{5B4745C9-056D-4F9D-9433-3CD32703977B}.Ad-Hoc|ARM.Build.0 = Release|Any CPU
		{5B4745C9-056D-4F9D-9433-3CD32703977B}.Ad-Hoc|ARM.Deploy.0 = Release|Any CPU
		{5B4745C9-056D-4F9D-9433-3CD32703977B}.Ad-Hoc|iPhone.ActiveCfg = Release|Any CPU
		{5B4745C9-056D-4F9D-9433-3CD32703977B}.Ad-Hoc|iPhone.Build.0 = Release|Any CPU
		{5B4745C9-056D-4F9D-9433-3CD32703977B}.Ad-Hoc|iPhone.Deploy.0 = Release|Any CPU
		{5B4745C9-056D-4F9D-9433-3CD32703977B}.Ad-Hoc|iPhoneSimulator.ActiveCfg = Release|Any CPU
		{5B4745C9-056D-4F9D-9433-3CD32703977B}.Ad-Hoc|iPhoneSimulator.Build.0 = Release|Any CPU
		{5B4745C9-056D-4F9D-9433-3CD32703977B}.Ad-Hoc|iPhoneSimulator.Deploy.0 = Release|Any CPU
		{5B4745C9-056D-4F9D-9433-3CD32703977B}.Ad-Hoc|x64.ActiveCfg = Release|Any CPU
		{5B4745C9-056D-4F9D-9433-3CD32703977B}.Ad-Hoc|x64.Build.0 = Release|Any CPU
		{5B4745C9-056D-4F9D-9433-3CD32703977B}.Ad-Hoc|x64.Deploy.0 = Release|Any CPU
		{5B4745C9-056D-4F9D-9433-3CD32703977B}.Ad-Hoc|x86.ActiveCfg = Release|Any CPU
		{5B4745C9-056D-4F9D-9433-3CD32703977B}.Ad-Hoc|x86.Build.0 = Release|Any CPU
		{5B4745C9-056D-4F9D-9433-3CD32703977B}.Ad-Hoc|x86.Deploy.0 = Release|Any CPU
		{5B4745C9-056D-4F9D-9433-3CD32703977B}.AppStore|Any CPU.ActiveCfg = Release|Any CPU
		{5B4745C9-056D-4F9D-9433-3CD32703977B}.AppStore|Any CPU.Build.0 = Release|Any CPU
		{5B4745C9-056D-4F9D-9433-3CD32703977B}.AppStore|Any CPU.Deploy.0 = Release|Any CPU
		{5B4745C9-056D-4F9D-9433-3CD32703977B}.AppStore|ARM.ActiveCfg = Release|Any CPU
		{5B4745C9-056D-4F9D-9433-3CD32703977B}.AppStore|ARM.Build.0 = Release|Any CPU
		{5B4745C9-056D-4F9D-9433-3CD32703977B}.AppStore|ARM.Deploy.0 = Release|Any CPU
		{5B4745C9-056D-4F9D-9433-3CD32703977B}.AppStore|iPhone.ActiveCfg = Release|Any CPU
		{5B4745C9-056D-4F9D-9433-3CD32703977B}.AppStore|iPhone.Build.0 = Release|Any CPU
		{5B4745C9-056D-4F9D-9433-3CD32703977B}.AppStore|iPhone.Deploy.0 = Release|Any CPU
		{5B4745C9-056D-4F9D-9433-3CD32703977B}.AppStore|iPhoneSimulator.ActiveCfg = Release|Any CPU
		{5B4745C9-056D-4F9D-9433-3CD32703977B}.AppStore|iPhoneSimulator.Build.0 = Release|Any CPU
		{5B4745C9-056D-4F9D-9433-3CD32703977B}.AppStore|iPhoneSimulator.Deploy.0 = Release|Any CPU
		{5B4745C9-056D-4F9D-9433-3CD32703977B}.AppStore|x64.ActiveCfg = Release|Any CPU
		{5B4745C9-056D-4F9D-9433-3CD32703977B}.AppStore|x64.Build.0 = Release|Any CPU
		{5B4745C9-056D-4F9D-9433-3CD32703977B}.AppStore|x64.Deploy.0 = Release|Any CPU
		{5B4745C9-056D-4F9D-9433-3CD32703977B}.AppStore|x86.ActiveCfg = Release|Any CPU
		{5B4745C9-056D-4F9D-9433-3CD32703977B}.AppStore|x86.Build.0 = Release|Any CPU
		{5B4745C9-056D-4F9D-9433-3CD32703977B}.AppStore|x86.Deploy.0 = Release|Any CPU
		{5B4745C9-056D-4F9D-9433-3CD32703977B}.Debug|Any CPU.ActiveCfg = Debug|Any CPU
		{5B4745C9-056D-4F9D-9433-3CD32703977B}.Debug|Any CPU.Build.0 = Debug|Any CPU
		{5B4745C9-056D-4F9D-9433-3CD32703977B}.Debug|Any CPU.Deploy.0 = Debug|Any CPU
		{5B4745C9-056D-4F9D-9433-3CD32703977B}.Debug|ARM.ActiveCfg = Debug|Any CPU
		{5B4745C9-056D-4F9D-9433-3CD32703977B}.Debug|ARM.Build.0 = Debug|Any CPU
		{5B4745C9-056D-4F9D-9433-3CD32703977B}.Debug|ARM.Deploy.0 = Debug|Any CPU
		{5B4745C9-056D-4F9D-9433-3CD32703977B}.Debug|iPhone.ActiveCfg = Debug|Any CPU
		{5B4745C9-056D-4F9D-9433-3CD32703977B}.Debug|iPhone.Build.0 = Debug|Any CPU
		{5B4745C9-056D-4F9D-9433-3CD32703977B}.Debug|iPhone.Deploy.0 = Debug|Any CPU
		{5B4745C9-056D-4F9D-9433-3CD32703977B}.Debug|iPhoneSimulator.ActiveCfg = Debug|Any CPU
		{5B4745C9-056D-4F9D-9433-3CD32703977B}.Debug|iPhoneSimulator.Build.0 = Debug|Any CPU
		{5B4745C9-056D-4F9D-9433-3CD32703977B}.Debug|iPhoneSimulator.Deploy.0 = Debug|Any CPU
		{5B4745C9-056D-4F9D-9433-3CD32703977B}.Debug|x64.ActiveCfg = Debug|Any CPU
		{5B4745C9-056D-4F9D-9433-3CD32703977B}.Debug|x64.Build.0 = Debug|Any CPU
		{5B4745C9-056D-4F9D-9433-3CD32703977B}.Debug|x64.Deploy.0 = Debug|Any CPU
		{5B4745C9-056D-4F9D-9433-3CD32703977B}.Debug|x86.ActiveCfg = Debug|Any CPU
		{5B4745C9-056D-4F9D-9433-3CD32703977B}.Debug|x86.Build.0 = Debug|Any CPU
		{5B4745C9-056D-4F9D-9433-3CD32703977B}.Debug|x86.Deploy.0 = Debug|Any CPU
		{5B4745C9-056D-4F9D-9433-3CD32703977B}.Release|Any CPU.ActiveCfg = Release|Any CPU
		{5B4745C9-056D-4F9D-9433-3CD32703977B}.Release|Any CPU.Build.0 = Release|Any CPU
		{5B4745C9-056D-4F9D-9433-3CD32703977B}.Release|Any CPU.Deploy.0 = Release|Any CPU
		{5B4745C9-056D-4F9D-9433-3CD32703977B}.Release|ARM.ActiveCfg = Release|Any CPU
		{5B4745C9-056D-4F9D-9433-3CD32703977B}.Release|ARM.Build.0 = Release|Any CPU
		{5B4745C9-056D-4F9D-9433-3CD32703977B}.Release|ARM.Deploy.0 = Release|Any CPU
		{5B4745C9-056D-4F9D-9433-3CD32703977B}.Release|iPhone.ActiveCfg = Release|Any CPU
		{5B4745C9-056D-4F9D-9433-3CD32703977B}.Release|iPhone.Build.0 = Release|Any CPU
		{5B4745C9-056D-4F9D-9433-3CD32703977B}.Release|iPhone.Deploy.0 = Release|Any CPU
		{5B4745C9-056D-4F9D-9433-3CD32703977B}.Release|iPhoneSimulator.ActiveCfg = Release|Any CPU
		{5B4745C9-056D-4F9D-9433-3CD32703977B}.Release|iPhoneSimulator.Build.0 = Release|Any CPU
		{5B4745C9-056D-4F9D-9433-3CD32703977B}.Release|iPhoneSimulator.Deploy.0 = Release|Any CPU
		{5B4745C9-056D-4F9D-9433-3CD32703977B}.Release|x64.ActiveCfg = Release|Any CPU
		{5B4745C9-056D-4F9D-9433-3CD32703977B}.Release|x64.Build.0 = Release|Any CPU
		{5B4745C9-056D-4F9D-9433-3CD32703977B}.Release|x64.Deploy.0 = Release|Any CPU
		{5B4745C9-056D-4F9D-9433-3CD32703977B}.Release|x86.ActiveCfg = Release|Any CPU
		{5B4745C9-056D-4F9D-9433-3CD32703977B}.Release|x86.Build.0 = Release|Any CPU
		{5B4745C9-056D-4F9D-9433-3CD32703977B}.Release|x86.Deploy.0 = Release|Any CPU
		{E6EADA80-5C26-4A81-BD5A-4357E412E59E}.Ad-Hoc|Any CPU.ActiveCfg = Release|x86
		{E6EADA80-5C26-4A81-BD5A-4357E412E59E}.Ad-Hoc|Any CPU.Build.0 = Release|x86
		{E6EADA80-5C26-4A81-BD5A-4357E412E59E}.Ad-Hoc|Any CPU.Deploy.0 = Release|x86
		{E6EADA80-5C26-4A81-BD5A-4357E412E59E}.Ad-Hoc|ARM.ActiveCfg = Release|ARM
		{E6EADA80-5C26-4A81-BD5A-4357E412E59E}.Ad-Hoc|ARM.Build.0 = Release|ARM
		{E6EADA80-5C26-4A81-BD5A-4357E412E59E}.Ad-Hoc|ARM.Deploy.0 = Release|ARM
		{E6EADA80-5C26-4A81-BD5A-4357E412E59E}.Ad-Hoc|iPhone.ActiveCfg = Release|x86
		{E6EADA80-5C26-4A81-BD5A-4357E412E59E}.Ad-Hoc|iPhone.Build.0 = Release|x86
		{E6EADA80-5C26-4A81-BD5A-4357E412E59E}.Ad-Hoc|iPhone.Deploy.0 = Release|x86
		{E6EADA80-5C26-4A81-BD5A-4357E412E59E}.Ad-Hoc|iPhoneSimulator.ActiveCfg = Release|x86
		{E6EADA80-5C26-4A81-BD5A-4357E412E59E}.Ad-Hoc|iPhoneSimulator.Build.0 = Release|x86
		{E6EADA80-5C26-4A81-BD5A-4357E412E59E}.Ad-Hoc|iPhoneSimulator.Deploy.0 = Release|x86
		{E6EADA80-5C26-4A81-BD5A-4357E412E59E}.Ad-Hoc|x64.ActiveCfg = Release|x64
		{E6EADA80-5C26-4A81-BD5A-4357E412E59E}.Ad-Hoc|x64.Build.0 = Release|x64
		{E6EADA80-5C26-4A81-BD5A-4357E412E59E}.Ad-Hoc|x64.Deploy.0 = Release|x64
		{E6EADA80-5C26-4A81-BD5A-4357E412E59E}.Ad-Hoc|x86.ActiveCfg = Release|x86
		{E6EADA80-5C26-4A81-BD5A-4357E412E59E}.Ad-Hoc|x86.Build.0 = Release|x86
		{E6EADA80-5C26-4A81-BD5A-4357E412E59E}.Ad-Hoc|x86.Deploy.0 = Release|x86
		{E6EADA80-5C26-4A81-BD5A-4357E412E59E}.AppStore|Any CPU.ActiveCfg = Release|x86
		{E6EADA80-5C26-4A81-BD5A-4357E412E59E}.AppStore|Any CPU.Build.0 = Release|x86
		{E6EADA80-5C26-4A81-BD5A-4357E412E59E}.AppStore|Any CPU.Deploy.0 = Release|x86
		{E6EADA80-5C26-4A81-BD5A-4357E412E59E}.AppStore|ARM.ActiveCfg = Release|ARM
		{E6EADA80-5C26-4A81-BD5A-4357E412E59E}.AppStore|ARM.Build.0 = Release|ARM
		{E6EADA80-5C26-4A81-BD5A-4357E412E59E}.AppStore|ARM.Deploy.0 = Release|ARM
		{E6EADA80-5C26-4A81-BD5A-4357E412E59E}.AppStore|iPhone.ActiveCfg = Release|x86
		{E6EADA80-5C26-4A81-BD5A-4357E412E59E}.AppStore|iPhone.Build.0 = Release|x86
		{E6EADA80-5C26-4A81-BD5A-4357E412E59E}.AppStore|iPhone.Deploy.0 = Release|x86
		{E6EADA80-5C26-4A81-BD5A-4357E412E59E}.AppStore|iPhoneSimulator.ActiveCfg = Release|x86
		{E6EADA80-5C26-4A81-BD5A-4357E412E59E}.AppStore|iPhoneSimulator.Build.0 = Release|x86
		{E6EADA80-5C26-4A81-BD5A-4357E412E59E}.AppStore|iPhoneSimulator.Deploy.0 = Release|x86
		{E6EADA80-5C26-4A81-BD5A-4357E412E59E}.AppStore|x64.ActiveCfg = Release|x64
		{E6EADA80-5C26-4A81-BD5A-4357E412E59E}.AppStore|x64.Build.0 = Release|x64
		{E6EADA80-5C26-4A81-BD5A-4357E412E59E}.AppStore|x64.Deploy.0 = Release|x64
		{E6EADA80-5C26-4A81-BD5A-4357E412E59E}.AppStore|x86.ActiveCfg = Release|x86
		{E6EADA80-5C26-4A81-BD5A-4357E412E59E}.AppStore|x86.Build.0 = Release|x86
		{E6EADA80-5C26-4A81-BD5A-4357E412E59E}.AppStore|x86.Deploy.0 = Release|x86
		{E6EADA80-5C26-4A81-BD5A-4357E412E59E}.Debug|Any CPU.ActiveCfg = Debug|x86
		{E6EADA80-5C26-4A81-BD5A-4357E412E59E}.Debug|Any CPU.Build.0 = Debug|x86
		{E6EADA80-5C26-4A81-BD5A-4357E412E59E}.Debug|Any CPU.Deploy.0 = Debug|x86
		{E6EADA80-5C26-4A81-BD5A-4357E412E59E}.Debug|ARM.ActiveCfg = Debug|ARM
		{E6EADA80-5C26-4A81-BD5A-4357E412E59E}.Debug|ARM.Build.0 = Debug|ARM
		{E6EADA80-5C26-4A81-BD5A-4357E412E59E}.Debug|ARM.Deploy.0 = Debug|ARM
		{E6EADA80-5C26-4A81-BD5A-4357E412E59E}.Debug|iPhone.ActiveCfg = Debug|x86
		{E6EADA80-5C26-4A81-BD5A-4357E412E59E}.Debug|iPhoneSimulator.ActiveCfg = Debug|x86
		{E6EADA80-5C26-4A81-BD5A-4357E412E59E}.Debug|x64.ActiveCfg = Debug|x64
		{E6EADA80-5C26-4A81-BD5A-4357E412E59E}.Debug|x64.Build.0 = Debug|x64
		{E6EADA80-5C26-4A81-BD5A-4357E412E59E}.Debug|x64.Deploy.0 = Debug|x64
		{E6EADA80-5C26-4A81-BD5A-4357E412E59E}.Debug|x86.ActiveCfg = Debug|x86
		{E6EADA80-5C26-4A81-BD5A-4357E412E59E}.Debug|x86.Build.0 = Debug|x86
		{E6EADA80-5C26-4A81-BD5A-4357E412E59E}.Debug|x86.Deploy.0 = Debug|x86
		{E6EADA80-5C26-4A81-BD5A-4357E412E59E}.Release|Any CPU.ActiveCfg = Release|x86
		{E6EADA80-5C26-4A81-BD5A-4357E412E59E}.Release|ARM.ActiveCfg = Release|ARM
		{E6EADA80-5C26-4A81-BD5A-4357E412E59E}.Release|ARM.Build.0 = Release|ARM
		{E6EADA80-5C26-4A81-BD5A-4357E412E59E}.Release|ARM.Deploy.0 = Release|ARM
		{E6EADA80-5C26-4A81-BD5A-4357E412E59E}.Release|iPhone.ActiveCfg = Release|x86
		{E6EADA80-5C26-4A81-BD5A-4357E412E59E}.Release|iPhoneSimulator.ActiveCfg = Release|x86
		{E6EADA80-5C26-4A81-BD5A-4357E412E59E}.Release|x64.ActiveCfg = Release|x64
		{E6EADA80-5C26-4A81-BD5A-4357E412E59E}.Release|x64.Build.0 = Release|x64
		{E6EADA80-5C26-4A81-BD5A-4357E412E59E}.Release|x64.Deploy.0 = Release|x64
		{E6EADA80-5C26-4A81-BD5A-4357E412E59E}.Release|x86.ActiveCfg = Release|x86
		{E6EADA80-5C26-4A81-BD5A-4357E412E59E}.Release|x86.Build.0 = Release|x86
		{E6EADA80-5C26-4A81-BD5A-4357E412E59E}.Release|x86.Deploy.0 = Release|x86
		{1955F82F-4549-4F71-82F6-67234682DACC}.Ad-Hoc|Any CPU.ActiveCfg = Ad-Hoc|iPhone
		{1955F82F-4549-4F71-82F6-67234682DACC}.Ad-Hoc|ARM.ActiveCfg = Ad-Hoc|iPhone
		{1955F82F-4549-4F71-82F6-67234682DACC}.Ad-Hoc|iPhone.ActiveCfg = Ad-Hoc|iPhone
		{1955F82F-4549-4F71-82F6-67234682DACC}.Ad-Hoc|iPhone.Build.0 = Ad-Hoc|iPhone
		{1955F82F-4549-4F71-82F6-67234682DACC}.Ad-Hoc|iPhoneSimulator.ActiveCfg = Ad-Hoc|iPhoneSimulator
		{1955F82F-4549-4F71-82F6-67234682DACC}.Ad-Hoc|iPhoneSimulator.Build.0 = Ad-Hoc|iPhoneSimulator
		{1955F82F-4549-4F71-82F6-67234682DACC}.Ad-Hoc|x64.ActiveCfg = Ad-Hoc|iPhone
		{1955F82F-4549-4F71-82F6-67234682DACC}.Ad-Hoc|x86.ActiveCfg = Ad-Hoc|iPhone
		{1955F82F-4549-4F71-82F6-67234682DACC}.AppStore|Any CPU.ActiveCfg = AppStore|iPhone
		{1955F82F-4549-4F71-82F6-67234682DACC}.AppStore|ARM.ActiveCfg = AppStore|iPhone
		{1955F82F-4549-4F71-82F6-67234682DACC}.AppStore|iPhone.ActiveCfg = AppStore|iPhone
		{1955F82F-4549-4F71-82F6-67234682DACC}.AppStore|iPhone.Build.0 = AppStore|iPhone
		{1955F82F-4549-4F71-82F6-67234682DACC}.AppStore|iPhoneSimulator.ActiveCfg = AppStore|iPhoneSimulator
		{1955F82F-4549-4F71-82F6-67234682DACC}.AppStore|iPhoneSimulator.Build.0 = AppStore|iPhoneSimulator
		{1955F82F-4549-4F71-82F6-67234682DACC}.AppStore|x64.ActiveCfg = AppStore|iPhone
		{1955F82F-4549-4F71-82F6-67234682DACC}.AppStore|x86.ActiveCfg = AppStore|iPhone
		{1955F82F-4549-4F71-82F6-67234682DACC}.Debug|Any CPU.ActiveCfg = Debug|iPhoneSimulator
		{1955F82F-4549-4F71-82F6-67234682DACC}.Debug|Any CPU.Build.0 = Debug|iPhoneSimulator
		{1955F82F-4549-4F71-82F6-67234682DACC}.Debug|ARM.ActiveCfg = Debug|iPhone
		{1955F82F-4549-4F71-82F6-67234682DACC}.Debug|iPhone.ActiveCfg = Debug|iPhone
		{1955F82F-4549-4F71-82F6-67234682DACC}.Debug|iPhone.Build.0 = Debug|iPhone
		{1955F82F-4549-4F71-82F6-67234682DACC}.Debug|iPhoneSimulator.ActiveCfg = Debug|iPhoneSimulator
		{1955F82F-4549-4F71-82F6-67234682DACC}.Debug|iPhoneSimulator.Build.0 = Debug|iPhoneSimulator
		{1955F82F-4549-4F71-82F6-67234682DACC}.Debug|x64.ActiveCfg = Debug|iPhone
		{1955F82F-4549-4F71-82F6-67234682DACC}.Debug|x86.ActiveCfg = Debug|iPhone
		{1955F82F-4549-4F71-82F6-67234682DACC}.Release|Any CPU.ActiveCfg = Release|iPhone
		{1955F82F-4549-4F71-82F6-67234682DACC}.Release|ARM.ActiveCfg = Release|iPhone
		{1955F82F-4549-4F71-82F6-67234682DACC}.Release|iPhone.ActiveCfg = Release|iPhone
		{1955F82F-4549-4F71-82F6-67234682DACC}.Release|iPhone.Build.0 = Release|iPhone
		{1955F82F-4549-4F71-82F6-67234682DACC}.Release|iPhoneSimulator.ActiveCfg = Release|iPhoneSimulator
		{1955F82F-4549-4F71-82F6-67234682DACC}.Release|iPhoneSimulator.Build.0 = Release|iPhoneSimulator
		{1955F82F-4549-4F71-82F6-67234682DACC}.Release|x64.ActiveCfg = Release|iPhone
		{1955F82F-4549-4F71-82F6-67234682DACC}.Release|x86.ActiveCfg = Release|iPhone
		{9DE3B3CA-F23C-4507-9E66-ECC45A089273}.Ad-Hoc|Any CPU.ActiveCfg = Debug|Any CPU
		{9DE3B3CA-F23C-4507-9E66-ECC45A089273}.Ad-Hoc|Any CPU.Build.0 = Debug|Any CPU
		{9DE3B3CA-F23C-4507-9E66-ECC45A089273}.Ad-Hoc|ARM.ActiveCfg = Debug|Any CPU
		{9DE3B3CA-F23C-4507-9E66-ECC45A089273}.Ad-Hoc|ARM.Build.0 = Debug|Any CPU
		{9DE3B3CA-F23C-4507-9E66-ECC45A089273}.Ad-Hoc|iPhone.ActiveCfg = Debug|Any CPU
		{9DE3B3CA-F23C-4507-9E66-ECC45A089273}.Ad-Hoc|iPhone.Build.0 = Debug|Any CPU
		{9DE3B3CA-F23C-4507-9E66-ECC45A089273}.Ad-Hoc|iPhoneSimulator.ActiveCfg = Debug|Any CPU
		{9DE3B3CA-F23C-4507-9E66-ECC45A089273}.Ad-Hoc|iPhoneSimulator.Build.0 = Debug|Any CPU
		{9DE3B3CA-F23C-4507-9E66-ECC45A089273}.Ad-Hoc|x64.ActiveCfg = Debug|Any CPU
		{9DE3B3CA-F23C-4507-9E66-ECC45A089273}.Ad-Hoc|x64.Build.0 = Debug|Any CPU
		{9DE3B3CA-F23C-4507-9E66-ECC45A089273}.Ad-Hoc|x86.ActiveCfg = Debug|Any CPU
		{9DE3B3CA-F23C-4507-9E66-ECC45A089273}.Ad-Hoc|x86.Build.0 = Debug|Any CPU
		{9DE3B3CA-F23C-4507-9E66-ECC45A089273}.AppStore|Any CPU.ActiveCfg = Debug|Any CPU
		{9DE3B3CA-F23C-4507-9E66-ECC45A089273}.AppStore|Any CPU.Build.0 = Debug|Any CPU
		{9DE3B3CA-F23C-4507-9E66-ECC45A089273}.AppStore|ARM.ActiveCfg = Debug|Any CPU
		{9DE3B3CA-F23C-4507-9E66-ECC45A089273}.AppStore|ARM.Build.0 = Debug|Any CPU
		{9DE3B3CA-F23C-4507-9E66-ECC45A089273}.AppStore|iPhone.ActiveCfg = Debug|Any CPU
		{9DE3B3CA-F23C-4507-9E66-ECC45A089273}.AppStore|iPhone.Build.0 = Debug|Any CPU
		{9DE3B3CA-F23C-4507-9E66-ECC45A089273}.AppStore|iPhoneSimulator.ActiveCfg = Debug|Any CPU
		{9DE3B3CA-F23C-4507-9E66-ECC45A089273}.AppStore|iPhoneSimulator.Build.0 = Debug|Any CPU
		{9DE3B3CA-F23C-4507-9E66-ECC45A089273}.AppStore|x64.ActiveCfg = Debug|Any CPU
		{9DE3B3CA-F23C-4507-9E66-ECC45A089273}.AppStore|x64.Build.0 = Debug|Any CPU
		{9DE3B3CA-F23C-4507-9E66-ECC45A089273}.AppStore|x86.ActiveCfg = Debug|Any CPU
		{9DE3B3CA-F23C-4507-9E66-ECC45A089273}.AppStore|x86.Build.0 = Debug|Any CPU
		{9DE3B3CA-F23C-4507-9E66-ECC45A089273}.Debug|Any CPU.ActiveCfg = Debug|Any CPU
		{9DE3B3CA-F23C-4507-9E66-ECC45A089273}.Debug|Any CPU.Build.0 = Debug|Any CPU
		{9DE3B3CA-F23C-4507-9E66-ECC45A089273}.Debug|ARM.ActiveCfg = Debug|Any CPU
		{9DE3B3CA-F23C-4507-9E66-ECC45A089273}.Debug|ARM.Build.0 = Debug|Any CPU
		{9DE3B3CA-F23C-4507-9E66-ECC45A089273}.Debug|iPhone.ActiveCfg = Debug|Any CPU
		{9DE3B3CA-F23C-4507-9E66-ECC45A089273}.Debug|iPhone.Build.0 = Debug|Any CPU
		{9DE3B3CA-F23C-4507-9E66-ECC45A089273}.Debug|iPhoneSimulator.ActiveCfg = Debug|Any CPU
		{9DE3B3CA-F23C-4507-9E66-ECC45A089273}.Debug|iPhoneSimulator.Build.0 = Debug|Any CPU
		{9DE3B3CA-F23C-4507-9E66-ECC45A089273}.Debug|x64.ActiveCfg = Debug|Any CPU
		{9DE3B3CA-F23C-4507-9E66-ECC45A089273}.Debug|x64.Build.0 = Debug|Any CPU
		{9DE3B3CA-F23C-4507-9E66-ECC45A089273}.Debug|x86.ActiveCfg = Debug|Any CPU
		{9DE3B3CA-F23C-4507-9E66-ECC45A089273}.Debug|x86.Build.0 = Debug|Any CPU
		{9DE3B3CA-F23C-4507-9E66-ECC45A089273}.Release|Any CPU.ActiveCfg = Release|Any CPU
		{9DE3B3CA-F23C-4507-9E66-ECC45A089273}.Release|Any CPU.Build.0 = Release|Any CPU
		{9DE3B3CA-F23C-4507-9E66-ECC45A089273}.Release|ARM.ActiveCfg = Release|Any CPU
		{9DE3B3CA-F23C-4507-9E66-ECC45A089273}.Release|ARM.Build.0 = Release|Any CPU
		{9DE3B3CA-F23C-4507-9E66-ECC45A089273}.Release|iPhone.ActiveCfg = Release|Any CPU
		{9DE3B3CA-F23C-4507-9E66-ECC45A089273}.Release|iPhone.Build.0 = Release|Any CPU
		{9DE3B3CA-F23C-4507-9E66-ECC45A089273}.Release|iPhoneSimulator.ActiveCfg = Release|Any CPU
		{9DE3B3CA-F23C-4507-9E66-ECC45A089273}.Release|iPhoneSimulator.Build.0 = Release|Any CPU
		{9DE3B3CA-F23C-4507-9E66-ECC45A089273}.Release|x64.ActiveCfg = Release|Any CPU
		{9DE3B3CA-F23C-4507-9E66-ECC45A089273}.Release|x64.Build.0 = Release|Any CPU
		{9DE3B3CA-F23C-4507-9E66-ECC45A089273}.Release|x86.ActiveCfg = Release|Any CPU
		{9DE3B3CA-F23C-4507-9E66-ECC45A089273}.Release|x86.Build.0 = Release|Any CPU
	EndGlobalSection
	GlobalSection(SolutionProperties) = preSolution
		HideSolutionNode = FALSE
	EndGlobalSection
EndGlobal
