
Microsoft Visual Studio Solution File, Format Version 12.00
# Visual Studio 15
VisualStudioVersion = 15.0.26228.0
MinimumVisualStudioVersion = 10.0.40219.1
Project("{FAE04EC0-301F-11D3-BF4B-00C04F79EFBC}") = "Radio.Android", "Radio\Radio.Android\Radio.Android.csproj", "{E4009DC7-E231-408C-9A9A-BCDA5F426440}"
EndProject
Project("{FAE04EC0-301F-11D3-BF4B-00C04F79EFBC}") = "Radio", "Radio\Radio\Radio.csproj", "{C904E4ED-CAE1-4AC3-A554-6CEF54BF7E3E}"
EndProject
Project("{FAE04EC0-301F-11D3-BF4B-00C04F79EFBC}") = "Radio.UWP", "Radio\Radio.UWP\Radio.UWP.csproj", "{43908146-D808-412F-94CA-A8AE6E69763F}"
EndProject
Project("{FAE04EC0-301F-11D3-BF4B-00C04F79EFBC}") = "Radio.iOS", "Radio\Radio.iOS\Radio.iOS.csproj", "{11AA804D-8F9B-47AA-BD00-C4A3469FE812}"
EndProject
Global
	GlobalSection(SolutionConfigurationPlatforms) = preSolution
		Ad-Hoc|Any CPU = Ad-Hoc|Any CPU
		Ad-Hoc|ARM = Ad-Hoc|ARM
		Ad-Hoc|iPhone = Ad-Hoc|iPhone
		Ad-Hoc|iPhoneSimulator = Ad-Hoc|iPhoneSimulator
		Ad-Hoc|x64 = Ad-Hoc|x64
		Ad-Hoc|x86 = Ad-Hoc|x86
		AppStore|Any CPU = AppStore|Any CPU
		AppStore|ARM = AppStore|ARM
		AppStore|iPhone = AppStore|iPhone
		AppStore|iPhoneSimulator = AppStore|iPhoneSimulator
		AppStore|x64 = AppStore|x64
		AppStore|x86 = AppStore|x86
		Debug|Any CPU = Debug|Any CPU
		Debug|ARM = Debug|ARM
		Debug|iPhone = Debug|iPhone
		Debug|iPhoneSimulator = Debug|iPhoneSimulator
		Debug|x64 = Debug|x64
		Debug|x86 = Debug|x86
		Release|Any CPU = Release|Any CPU
		Release|ARM = Release|ARM
		Release|iPhone = Release|iPhone
		Release|iPhoneSimulator = Release|iPhoneSimulator
		Release|x64 = Release|x64
		Release|x86 = Release|x86
	EndGlobalSection
	GlobalSection(ProjectConfigurationPlatforms) = postSolution
		{E4009DC7-E231-408C-9A9A-BCDA5F426440}.Ad-Hoc|Any CPU.ActiveCfg = Release|Any CPU
		{E4009DC7-E231-408C-9A9A-BCDA5F426440}.Ad-Hoc|Any CPU.Build.0 = Release|Any CPU
		{E4009DC7-E231-408C-9A9A-BCDA5F426440}.Ad-Hoc|Any CPU.Deploy.0 = Release|Any CPU
		{E4009DC7-E231-408C-9A9A-BCDA5F426440}.Ad-Hoc|ARM.ActiveCfg = Release|Any CPU
		{E4009DC7-E231-408C-9A9A-BCDA5F426440}.Ad-Hoc|ARM.Build.0 = Release|Any CPU
		{E4009DC7-E231-408C-9A9A-BCDA5F426440}.Ad-Hoc|ARM.Deploy.0 = Release|Any CPU
		{E4009DC7-E231-408C-9A9A-BCDA5F426440}.Ad-Hoc|iPhone.ActiveCfg = Release|Any CPU
		{E4009DC7-E231-408C-9A9A-BCDA5F426440}.Ad-Hoc|iPhone.Build.0 = Release|Any CPU
		{E4009DC7-E231-408C-9A9A-BCDA5F426440}.Ad-Hoc|iPhone.Deploy.0 = Release|Any CPU
		{E4009DC7-E231-408C-9A9A-BCDA5F426440}.Ad-Hoc|iPhoneSimulator.ActiveCfg = Release|Any CPU
		{E4009DC7-E231-408C-9A9A-BCDA5F426440}.Ad-Hoc|iPhoneSimulator.Build.0 = Release|Any CPU
		{E4009DC7-E231-408C-9A9A-BCDA5F426440}.Ad-Hoc|iPhoneSimulator.Deploy.0 = Release|Any CPU
		{E4009DC7-E231-408C-9A9A-BCDA5F426440}.Ad-Hoc|x64.ActiveCfg = Release|Any CPU
		{E4009DC7-E231-408C-9A9A-BCDA5F426440}.Ad-Hoc|x64.Build.0 = Release|Any CPU
		{E4009DC7-E231-408C-9A9A-BCDA5F426440}.Ad-Hoc|x64.Deploy.0 = Release|Any CPU
		{E4009DC7-E231-408C-9A9A-BCDA5F426440}.Ad-Hoc|x86.ActiveCfg = Release|Any CPU
		{E4009DC7-E231-408C-9A9A-BCDA5F426440}.Ad-Hoc|x86.Build.0 = Release|Any CPU
		{E4009DC7-E231-408C-9A9A-BCDA5F426440}.Ad-Hoc|x86.Deploy.0 = Release|Any CPU
		{E4009DC7-E231-408C-9A9A-BCDA5F426440}.AppStore|Any CPU.ActiveCfg = Release|Any CPU
		{E4009DC7-E231-408C-9A9A-BCDA5F426440}.AppStore|Any CPU.Build.0 = Release|Any CPU
		{E4009DC7-E231-408C-9A9A-BCDA5F426440}.AppStore|Any CPU.Deploy.0 = Release|Any CPU
		{E4009DC7-E231-408C-9A9A-BCDA5F426440}.AppStore|ARM.ActiveCfg = Release|Any CPU
		{E4009DC7-E231-408C-9A9A-BCDA5F426440}.AppStore|ARM.Build.0 = Release|Any CPU
		{E4009DC7-E231-408C-9A9A-BCDA5F426440}.AppStore|ARM.Deploy.0 = Release|Any CPU
		{E4009DC7-E231-408C-9A9A-BCDA5F426440}.AppStore|iPhone.ActiveCfg = Release|Any CPU
		{E4009DC7-E231-408C-9A9A-BCDA5F426440}.AppStore|iPhone.Build.0 = Release|Any CPU
		{E4009DC7-E231-408C-9A9A-BCDA5F426440}.AppStore|iPhone.Deploy.0 = Release|Any CPU
		{E4009DC7-E231-408C-9A9A-BCDA5F426440}.AppStore|iPhoneSimulator.ActiveCfg = Release|Any CPU
		{E4009DC7-E231-408C-9A9A-BCDA5F426440}.AppStore|iPhoneSimulator.Build.0 = Release|Any CPU
		{E4009DC7-E231-408C-9A9A-BCDA5F426440}.AppStore|iPhoneSimulator.Deploy.0 = Release|Any CPU
		{E4009DC7-E231-408C-9A9A-BCDA5F426440}.AppStore|x64.ActiveCfg = Release|Any CPU
		{E4009DC7-E231-408C-9A9A-BCDA5F426440}.AppStore|x64.Build.0 = Release|Any CPU
		{E4009DC7-E231-408C-9A9A-BCDA5F426440}.AppStore|x64.Deploy.0 = Release|Any CPU
		{E4009DC7-E231-408C-9A9A-BCDA5F426440}.AppStore|x86.ActiveCfg = Release|Any CPU
		{E4009DC7-E231-408C-9A9A-BCDA5F426440}.AppStore|x86.Build.0 = Release|Any CPU
		{E4009DC7-E231-408C-9A9A-BCDA5F426440}.AppStore|x86.Deploy.0 = Release|Any CPU
		{E4009DC7-E231-408C-9A9A-BCDA5F426440}.Debug|Any CPU.ActiveCfg = Debug|Any CPU
		{E4009DC7-E231-408C-9A9A-BCDA5F426440}.Debug|Any CPU.Build.0 = Debug|Any CPU
		{E4009DC7-E231-408C-9A9A-BCDA5F426440}.Debug|Any CPU.Deploy.0 = Debug|Any CPU
		{E4009DC7-E231-408C-9A9A-BCDA5F426440}.Debug|ARM.ActiveCfg = Debug|Any CPU
		{E4009DC7-E231-408C-9A9A-BCDA5F426440}.Debug|ARM.Build.0 = Debug|Any CPU
		{E4009DC7-E231-408C-9A9A-BCDA5F426440}.Debug|ARM.Deploy.0 = Debug|Any CPU
		{E4009DC7-E231-408C-9A9A-BCDA5F426440}.Debug|iPhone.ActiveCfg = Debug|Any CPU
		{E4009DC7-E231-408C-9A9A-BCDA5F426440}.Debug|iPhone.Build.0 = Debug|Any CPU
		{E4009DC7-E231-408C-9A9A-BCDA5F426440}.Debug|iPhone.Deploy.0 = Debug|Any CPU
		{E4009DC7-E231-408C-9A9A-BCDA5F426440}.Debug|iPhoneSimulator.ActiveCfg = Debug|Any CPU
		{E4009DC7-E231-408C-9A9A-BCDA5F426440}.Debug|iPhoneSimulator.Build.0 = Debug|Any CPU
		{E4009DC7-E231-408C-9A9A-BCDA5F426440}.Debug|iPhoneSimulator.Deploy.0 = Debug|Any CPU
		{E4009DC7-E231-408C-9A9A-BCDA5F426440}.Debug|x64.ActiveCfg = Debug|Any CPU
		{E4009DC7-E231-408C-9A9A-BCDA5F426440}.Debug|x64.Build.0 = Debug|Any CPU
		{E4009DC7-E231-408C-9A9A-BCDA5F426440}.Debug|x64.Deploy.0 = Debug|Any CPU
		{E4009DC7-E231-408C-9A9A-BCDA5F426440}.Debug|x86.ActiveCfg = Debug|Any CPU
		{E4009DC7-E231-408C-9A9A-BCDA5F426440}.Debug|x86.Build.0 = Debug|Any CPU
		{E4009DC7-E231-408C-9A9A-BCDA5F426440}.Debug|x86.Deploy.0 = Debug|Any CPU
		{E4009DC7-E231-408C-9A9A-BCDA5F426440}.Release|Any CPU.ActiveCfg = Release|Any CPU
		{E4009DC7-E231-408C-9A9A-BCDA5F426440}.Release|Any CPU.Build.0 = Release|Any CPU
		{E4009DC7-E231-408C-9A9A-BCDA5F426440}.Release|Any CPU.Deploy.0 = Release|Any CPU
		{E4009DC7-E231-408C-9A9A-BCDA5F426440}.Release|ARM.ActiveCfg = Release|Any CPU
		{E4009DC7-E231-408C-9A9A-BCDA5F426440}.Release|ARM.Build.0 = Release|Any CPU
		{E4009DC7-E231-408C-9A9A-BCDA5F426440}.Release|ARM.Deploy.0 = Release|Any CPU
		{E4009DC7-E231-408C-9A9A-BCDA5F426440}.Release|iPhone.ActiveCfg = Release|Any CPU
		{E4009DC7-E231-408C-9A9A-BCDA5F426440}.Release|iPhone.Build.0 = Release|Any CPU
		{E4009DC7-E231-408C-9A9A-BCDA5F426440}.Release|iPhone.Deploy.0 = Release|Any CPU
		{E4009DC7-E231-408C-9A9A-BCDA5F426440}.Release|iPhoneSimulator.ActiveCfg = Release|Any CPU
		{E4009DC7-E231-408C-9A9A-BCDA5F426440}.Release|iPhoneSimulator.Build.0 = Release|Any CPU
		{E4009DC7-E231-408C-9A9A-BCDA5F426440}.Release|iPhoneSimulator.Deploy.0 = Release|Any CPU
		{E4009DC7-E231-408C-9A9A-BCDA5F426440}.Release|x64.ActiveCfg = Release|Any CPU
		{E4009DC7-E231-408C-9A9A-BCDA5F426440}.Release|x64.Build.0 = Release|Any CPU
		{E4009DC7-E231-408C-9A9A-BCDA5F426440}.Release|x64.Deploy.0 = Release|Any CPU
		{E4009DC7-E231-408C-9A9A-BCDA5F426440}.Release|x86.ActiveCfg = Release|Any CPU
		{E4009DC7-E231-408C-9A9A-BCDA5F426440}.Release|x86.Build.0 = Release|Any CPU
		{E4009DC7-E231-408C-9A9A-BCDA5F426440}.Release|x86.Deploy.0 = Release|Any CPU
		{C904E4ED-CAE1-4AC3-A554-6CEF54BF7E3E}.Ad-Hoc|Any CPU.ActiveCfg = Release|Any CPU
		{C904E4ED-CAE1-4AC3-A554-6CEF54BF7E3E}.Ad-Hoc|Any CPU.Build.0 = Release|Any CPU
		{C904E4ED-CAE1-4AC3-A554-6CEF54BF7E3E}.Ad-Hoc|ARM.ActiveCfg = Release|Any CPU
		{C904E4ED-CAE1-4AC3-A554-6CEF54BF7E3E}.Ad-Hoc|ARM.Build.0 = Release|Any CPU
		{C904E4ED-CAE1-4AC3-A554-6CEF54BF7E3E}.Ad-Hoc|iPhone.ActiveCfg = Release|Any CPU
		{C904E4ED-CAE1-4AC3-A554-6CEF54BF7E3E}.Ad-Hoc|iPhone.Build.0 = Release|Any CPU
		{C904E4ED-CAE1-4AC3-A554-6CEF54BF7E3E}.Ad-Hoc|iPhoneSimulator.ActiveCfg = Release|Any CPU
		{C904E4ED-CAE1-4AC3-A554-6CEF54BF7E3E}.Ad-Hoc|iPhoneSimulator.Build.0 = Release|Any CPU
		{C904E4ED-CAE1-4AC3-A554-6CEF54BF7E3E}.Ad-Hoc|x64.ActiveCfg = Release|Any CPU
		{C904E4ED-CAE1-4AC3-A554-6CEF54BF7E3E}.Ad-Hoc|x64.Build.0 = Release|Any CPU
		{C904E4ED-CAE1-4AC3-A554-6CEF54BF7E3E}.Ad-Hoc|x86.ActiveCfg = Release|Any CPU
		{C904E4ED-CAE1-4AC3-A554-6CEF54BF7E3E}.Ad-Hoc|x86.Build.0 = Release|Any CPU
		{C904E4ED-CAE1-4AC3-A554-6CEF54BF7E3E}.AppStore|Any CPU.ActiveCfg = Release|Any CPU
		{C904E4ED-CAE1-4AC3-A554-6CEF54BF7E3E}.AppStore|Any CPU.Build.0 = Release|Any CPU
		{C904E4ED-CAE1-4AC3-A554-6CEF54BF7E3E}.AppStore|ARM.ActiveCfg = Release|Any CPU
		{C904E4ED-CAE1-4AC3-A554-6CEF54BF7E3E}.AppStore|ARM.Build.0 = Release|Any CPU
		{C904E4ED-CAE1-4AC3-A554-6CEF54BF7E3E}.AppStore|iPhone.ActiveCfg = Release|Any CPU
		{C904E4ED-CAE1-4AC3-A554-6CEF54BF7E3E}.AppStore|iPhone.Build.0 = Release|Any CPU
		{C904E4ED-CAE1-4AC3-A554-6CEF54BF7E3E}.AppStore|iPhoneSimulator.ActiveCfg = Release|Any CPU
		{C904E4ED-CAE1-4AC3-A554-6CEF54BF7E3E}.AppStore|iPhoneSimulator.Build.0 = Release|Any CPU
		{C904E4ED-CAE1-4AC3-A554-6CEF54BF7E3E}.AppStore|x64.ActiveCfg = Release|Any CPU
		{C904E4ED-CAE1-4AC3-A554-6CEF54BF7E3E}.AppStore|x64.Build.0 = Release|Any CPU
		{C904E4ED-CAE1-4AC3-A554-6CEF54BF7E3E}.AppStore|x86.ActiveCfg = Release|Any CPU
		{C904E4ED-CAE1-4AC3-A554-6CEF54BF7E3E}.AppStore|x86.Build.0 = Release|Any CPU
		{C904E4ED-CAE1-4AC3-A554-6CEF54BF7E3E}.Debug|Any CPU.ActiveCfg = Debug|Any CPU
		{C904E4ED-CAE1-4AC3-A554-6CEF54BF7E3E}.Debug|Any CPU.Build.0 = Debug|Any CPU
		{C904E4ED-CAE1-4AC3-A554-6CEF54BF7E3E}.Debug|ARM.ActiveCfg = Debug|Any CPU
		{C904E4ED-CAE1-4AC3-A554-6CEF54BF7E3E}.Debug|ARM.Build.0 = Debug|Any CPU
		{C904E4ED-CAE1-4AC3-A554-6CEF54BF7E3E}.Debug|iPhone.ActiveCfg = Debug|Any CPU
		{C904E4ED-CAE1-4AC3-A554-6CEF54BF7E3E}.Debug|iPhone.Build.0 = Debug|Any CPU
		{C904E4ED-CAE1-4AC3-A554-6CEF54BF7E3E}.Debug|iPhoneSimulator.ActiveCfg = Debug|Any CPU
		{C904E4ED-CAE1-4AC3-A554-6CEF54BF7E3E}.Debug|iPhoneSimulator.Build.0 = Debug|Any CPU
		{C904E4ED-CAE1-4AC3-A554-6CEF54BF7E3E}.Debug|x64.ActiveCfg = Debug|Any CPU
		{C904E4ED-CAE1-4AC3-A554-6CEF54BF7E3E}.Debug|x64.Build.0 = Debug|Any CPU
		{C904E4ED-CAE1-4AC3-A554-6CEF54BF7E3E}.Debug|x86.ActiveCfg = Debug|Any CPU
		{C904E4ED-CAE1-4AC3-A554-6CEF54BF7E3E}.Debug|x86.Build.0 = Debug|Any CPU
		{C904E4ED-CAE1-4AC3-A554-6CEF54BF7E3E}.Release|Any CPU.ActiveCfg = Release|Any CPU
		{C904E4ED-CAE1-4AC3-A554-6CEF54BF7E3E}.Release|Any CPU.Build.0 = Release|Any CPU
		{C904E4ED-CAE1-4AC3-A554-6CEF54BF7E3E}.Release|ARM.ActiveCfg = Release|Any CPU
		{C904E4ED-CAE1-4AC3-A554-6CEF54BF7E3E}.Release|ARM.Build.0 = Release|Any CPU
		{C904E4ED-CAE1-4AC3-A554-6CEF54BF7E3E}.Release|iPhone.ActiveCfg = Release|Any CPU
		{C904E4ED-CAE1-4AC3-A554-6CEF54BF7E3E}.Release|iPhone.Build.0 = Release|Any CPU
		{C904E4ED-CAE1-4AC3-A554-6CEF54BF7E3E}.Release|iPhoneSimulator.ActiveCfg = Release|Any CPU
		{C904E4ED-CAE1-4AC3-A554-6CEF54BF7E3E}.Release|iPhoneSimulator.Build.0 = Release|Any CPU
		{C904E4ED-CAE1-4AC3-A554-6CEF54BF7E3E}.Release|x64.ActiveCfg = Release|Any CPU
		{C904E4ED-CAE1-4AC3-A554-6CEF54BF7E3E}.Release|x64.Build.0 = Release|Any CPU
		{C904E4ED-CAE1-4AC3-A554-6CEF54BF7E3E}.Release|x86.ActiveCfg = Release|Any CPU
		{C904E4ED-CAE1-4AC3-A554-6CEF54BF7E3E}.Release|x86.Build.0 = Release|Any CPU
		{43908146-D808-412F-94CA-A8AE6E69763F}.Ad-Hoc|Any CPU.ActiveCfg = Release|x86
		{43908146-D808-412F-94CA-A8AE6E69763F}.Ad-Hoc|Any CPU.Build.0 = Release|x86
		{43908146-D808-412F-94CA-A8AE6E69763F}.Ad-Hoc|Any CPU.Deploy.0 = Release|x86
		{43908146-D808-412F-94CA-A8AE6E69763F}.Ad-Hoc|ARM.ActiveCfg = Release|ARM
		{43908146-D808-412F-94CA-A8AE6E69763F}.Ad-Hoc|ARM.Build.0 = Release|ARM
		{43908146-D808-412F-94CA-A8AE6E69763F}.Ad-Hoc|ARM.Deploy.0 = Release|ARM
		{43908146-D808-412F-94CA-A8AE6E69763F}.Ad-Hoc|iPhone.ActiveCfg = Release|x86
		{43908146-D808-412F-94CA-A8AE6E69763F}.Ad-Hoc|iPhone.Build.0 = Release|x86
		{43908146-D808-412F-94CA-A8AE6E69763F}.Ad-Hoc|iPhone.Deploy.0 = Release|x86
		{43908146-D808-412F-94CA-A8AE6E69763F}.Ad-Hoc|iPhoneSimulator.ActiveCfg = Release|x86
		{43908146-D808-412F-94CA-A8AE6E69763F}.Ad-Hoc|iPhoneSimulator.Build.0 = Release|x86
		{43908146-D808-412F-94CA-A8AE6E69763F}.Ad-Hoc|iPhoneSimulator.Deploy.0 = Release|x86
		{43908146-D808-412F-94CA-A8AE6E69763F}.Ad-Hoc|x64.ActiveCfg = Release|x64
		{43908146-D808-412F-94CA-A8AE6E69763F}.Ad-Hoc|x64.Build.0 = Release|x64
		{43908146-D808-412F-94CA-A8AE6E69763F}.Ad-Hoc|x64.Deploy.0 = Release|x64
		{43908146-D808-412F-94CA-A8AE6E69763F}.Ad-Hoc|x86.ActiveCfg = Release|x86
		{43908146-D808-412F-94CA-A8AE6E69763F}.Ad-Hoc|x86.Build.0 = Release|x86
		{43908146-D808-412F-94CA-A8AE6E69763F}.Ad-Hoc|x86.Deploy.0 = Release|x86
		{43908146-D808-412F-94CA-A8AE6E69763F}.AppStore|Any CPU.ActiveCfg = Release|x86
		{43908146-D808-412F-94CA-A8AE6E69763F}.AppStore|Any CPU.Build.0 = Release|x86
		{43908146-D808-412F-94CA-A8AE6E69763F}.AppStore|Any CPU.Deploy.0 = Release|x86
		{43908146-D808-412F-94CA-A8AE6E69763F}.AppStore|ARM.ActiveCfg = Release|ARM
		{43908146-D808-412F-94CA-A8AE6E69763F}.AppStore|ARM.Build.0 = Release|ARM
		{43908146-D808-412F-94CA-A8AE6E69763F}.AppStore|ARM.Deploy.0 = Release|ARM
		{43908146-D808-412F-94CA-A8AE6E69763F}.AppStore|iPhone.ActiveCfg = Release|x86
		{43908146-D808-412F-94CA-A8AE6E69763F}.AppStore|iPhone.Build.0 = Release|x86
		{43908146-D808-412F-94CA-A8AE6E69763F}.AppStore|iPhone.Deploy.0 = Release|x86
		{43908146-D808-412F-94CA-A8AE6E69763F}.AppStore|iPhoneSimulator.ActiveCfg = Release|x86
		{43908146-D808-412F-94CA-A8AE6E69763F}.AppStore|iPhoneSimulator.Build.0 = Release|x86
		{43908146-D808-412F-94CA-A8AE6E69763F}.AppStore|iPhoneSimulator.Deploy.0 = Release|x86
		{43908146-D808-412F-94CA-A8AE6E69763F}.AppStore|x64.ActiveCfg = Release|x64
		{43908146-D808-412F-94CA-A8AE6E69763F}.AppStore|x64.Build.0 = Release|x64
		{43908146-D808-412F-94CA-A8AE6E69763F}.AppStore|x64.Deploy.0 = Release|x64
		{43908146-D808-412F-94CA-A8AE6E69763F}.AppStore|x86.ActiveCfg = Release|x86
		{43908146-D808-412F-94CA-A8AE6E69763F}.AppStore|x86.Build.0 = Release|x86
		{43908146-D808-412F-94CA-A8AE6E69763F}.AppStore|x86.Deploy.0 = Release|x86
		{43908146-D808-412F-94CA-A8AE6E69763F}.Debug|Any CPU.ActiveCfg = Debug|x86
		{43908146-D808-412F-94CA-A8AE6E69763F}.Debug|ARM.ActiveCfg = Debug|ARM
		{43908146-D808-412F-94CA-A8AE6E69763F}.Debug|ARM.Build.0 = Debug|ARM
		{43908146-D808-412F-94CA-A8AE6E69763F}.Debug|ARM.Deploy.0 = Debug|ARM
		{43908146-D808-412F-94CA-A8AE6E69763F}.Debug|iPhone.ActiveCfg = Debug|x86
		{43908146-D808-412F-94CA-A8AE6E69763F}.Debug|iPhoneSimulator.ActiveCfg = Debug|x86
		{43908146-D808-412F-94CA-A8AE6E69763F}.Debug|x64.ActiveCfg = Debug|x64
		{43908146-D808-412F-94CA-A8AE6E69763F}.Debug|x64.Build.0 = Debug|x64
		{43908146-D808-412F-94CA-A8AE6E69763F}.Debug|x64.Deploy.0 = Debug|x64
		{43908146-D808-412F-94CA-A8AE6E69763F}.Debug|x86.ActiveCfg = Debug|x86
		{43908146-D808-412F-94CA-A8AE6E69763F}.Debug|x86.Build.0 = Debug|x86
		{43908146-D808-412F-94CA-A8AE6E69763F}.Debug|x86.Deploy.0 = Debug|x86
		{43908146-D808-412F-94CA-A8AE6E69763F}.Release|Any CPU.ActiveCfg = Release|x86
		{43908146-D808-412F-94CA-A8AE6E69763F}.Release|ARM.ActiveCfg = Release|ARM
		{43908146-D808-412F-94CA-A8AE6E69763F}.Release|ARM.Build.0 = Release|ARM
		{43908146-D808-412F-94CA-A8AE6E69763F}.Release|ARM.Deploy.0 = Release|ARM
		{43908146-D808-412F-94CA-A8AE6E69763F}.Release|iPhone.ActiveCfg = Release|x86
		{43908146-D808-412F-94CA-A8AE6E69763F}.Release|iPhoneSimulator.ActiveCfg = Release|x86
		{43908146-D808-412F-94CA-A8AE6E69763F}.Release|x64.ActiveCfg = Release|x64
		{43908146-D808-412F-94CA-A8AE6E69763F}.Release|x64.Build.0 = Release|x64
		{43908146-D808-412F-94CA-A8AE6E69763F}.Release|x64.Deploy.0 = Release|x64
		{43908146-D808-412F-94CA-A8AE6E69763F}.Release|x86.ActiveCfg = Release|x86
		{43908146-D808-412F-94CA-A8AE6E69763F}.Release|x86.Build.0 = Release|x86
		{43908146-D808-412F-94CA-A8AE6E69763F}.Release|x86.Deploy.0 = Release|x86
		{11AA804D-8F9B-47AA-BD00-C4A3469FE812}.Ad-Hoc|Any CPU.ActiveCfg = Ad-Hoc|iPhone
		{11AA804D-8F9B-47AA-BD00-C4A3469FE812}.Ad-Hoc|ARM.ActiveCfg = Ad-Hoc|iPhone
		{11AA804D-8F9B-47AA-BD00-C4A3469FE812}.Ad-Hoc|iPhone.ActiveCfg = Ad-Hoc|iPhone
		{11AA804D-8F9B-47AA-BD00-C4A3469FE812}.Ad-Hoc|iPhone.Build.0 = Ad-Hoc|iPhone
		{11AA804D-8F9B-47AA-BD00-C4A3469FE812}.Ad-Hoc|iPhoneSimulator.ActiveCfg = Ad-Hoc|iPhoneSimulator
		{11AA804D-8F9B-47AA-BD00-C4A3469FE812}.Ad-Hoc|iPhoneSimulator.Build.0 = Ad-Hoc|iPhoneSimulator
		{11AA804D-8F9B-47AA-BD00-C4A3469FE812}.Ad-Hoc|x64.ActiveCfg = Ad-Hoc|iPhone
		{11AA804D-8F9B-47AA-BD00-C4A3469FE812}.Ad-Hoc|x86.ActiveCfg = Ad-Hoc|iPhone
		{11AA804D-8F9B-47AA-BD00-C4A3469FE812}.AppStore|Any CPU.ActiveCfg = AppStore|iPhone
		{11AA804D-8F9B-47AA-BD00-C4A3469FE812}.AppStore|ARM.ActiveCfg = AppStore|iPhone
		{11AA804D-8F9B-47AA-BD00-C4A3469FE812}.AppStore|iPhone.ActiveCfg = AppStore|iPhone
		{11AA804D-8F9B-47AA-BD00-C4A3469FE812}.AppStore|iPhone.Build.0 = AppStore|iPhone
		{11AA804D-8F9B-47AA-BD00-C4A3469FE812}.AppStore|iPhoneSimulator.ActiveCfg = AppStore|iPhoneSimulator
		{11AA804D-8F9B-47AA-BD00-C4A3469FE812}.AppStore|iPhoneSimulator.Build.0 = AppStore|iPhoneSimulator
		{11AA804D-8F9B-47AA-BD00-C4A3469FE812}.AppStore|x64.ActiveCfg = AppStore|iPhone
		{11AA804D-8F9B-47AA-BD00-C4A3469FE812}.AppStore|x86.ActiveCfg = AppStore|iPhone
		{11AA804D-8F9B-47AA-BD00-C4A3469FE812}.Debug|Any CPU.ActiveCfg = Debug|iPhone
		{11AA804D-8F9B-47AA-BD00-C4A3469FE812}.Debug|ARM.ActiveCfg = Debug|iPhone
		{11AA804D-8F9B-47AA-BD00-C4A3469FE812}.Debug|iPhone.ActiveCfg = Debug|iPhone
		{11AA804D-8F9B-47AA-BD00-C4A3469FE812}.Debug|iPhone.Build.0 = Debug|iPhone
		{11AA804D-8F9B-47AA-BD00-C4A3469FE812}.Debug|iPhoneSimulator.ActiveCfg = Debug|iPhoneSimulator
		{11AA804D-8F9B-47AA-BD00-C4A3469FE812}.Debug|iPhoneSimulator.Build.0 = Debug|iPhoneSimulator
		{11AA804D-8F9B-47AA-BD00-C4A3469FE812}.Debug|x64.ActiveCfg = Debug|iPhone
		{11AA804D-8F9B-47AA-BD00-C4A3469FE812}.Debug|x86.ActiveCfg = Debug|iPhone
		{11AA804D-8F9B-47AA-BD00-C4A3469FE812}.Release|Any CPU.ActiveCfg = Release|iPhone
		{11AA804D-8F9B-47AA-BD00-C4A3469FE812}.Release|ARM.ActiveCfg = Release|iPhone
		{11AA804D-8F9B-47AA-BD00-C4A3469FE812}.Release|iPhone.ActiveCfg = Release|iPhone
		{11AA804D-8F9B-47AA-BD00-C4A3469FE812}.Release|iPhone.Build.0 = Release|iPhone
		{11AA804D-8F9B-47AA-BD00-C4A3469FE812}.Release|iPhoneSimulator.ActiveCfg = Release|iPhoneSimulator
		{11AA804D-8F9B-47AA-BD00-C4A3469FE812}.Release|iPhoneSimulator.Build.0 = Release|iPhoneSimulator
		{11AA804D-8F9B-47AA-BD00-C4A3469FE812}.Release|x64.ActiveCfg = Release|iPhone
		{11AA804D-8F9B-47AA-BD00-C4A3469FE812}.Release|x86.ActiveCfg = Release|iPhone
	EndGlobalSection
	GlobalSection(SolutionProperties) = preSolution
		HideSolutionNode = FALSE
	EndGlobalSection
EndGlobal
